// !$*UTF8*$!
{
	archiveVersion = 1;
	classes = {
	};
	objectVersion = 50;
	objects = {

/* Begin PBXBuildFile section */
		29BA30B3CD68DA1563FEDE72 /* Pods_Blue_FalconTests.framework in Frameworks */ = {isa = PBXBuildFile; fileRef = B526CB3F28C7FE940A5E947C /* Pods_Blue_FalconTests.framework */; };
		30A2DF892B24294E43FA2C05 /* Pods_Blue_Falcon.framework in Frameworks */ = {isa = PBXBuildFile; fileRef = 7DCB1F90714D69E9DFB9A15C /* Pods_Blue_Falcon.framework */; };
		4902C4ED231127B4009D1416 /* DevicesViewModel.swift in Sources */ = {isa = PBXBuildFile; fileRef = 4902C4EC231127B4009D1416 /* DevicesViewModel.swift */; };
		4902C4EF231127C4009D1416 /* DevicesCellViewModel.swift in Sources */ = {isa = PBXBuildFile; fileRef = 4902C4EE231127C4009D1416 /* DevicesCellViewModel.swift */; };
		4902C4F423112873009D1416 /* DevicesView.swift in Sources */ = {isa = PBXBuildFile; fileRef = 4902C4F323112873009D1416 /* DevicesView.swift */; };
		4902C4F623112A9D009D1416 /* DeviceView.swift in Sources */ = {isa = PBXBuildFile; fileRef = 4902C4F523112A9D009D1416 /* DeviceView.swift */; };
		4902C4F8231131F2009D1416 /* DeviceViewModel.swift in Sources */ = {isa = PBXBuildFile; fileRef = 4902C4F7231131F2009D1416 /* DeviceViewModel.swift */; };
		4902C4FA2311920C009D1416 /* DeviceServiceView.swift in Sources */ = {isa = PBXBuildFile; fileRef = 4902C4F92311920C009D1416 /* DeviceServiceView.swift */; };
		4902C4FC23119B26009D1416 /* DeviceServiceCellViewModel.swift in Sources */ = {isa = PBXBuildFile; fileRef = 4902C4FB23119B26009D1416 /* DeviceServiceCellViewModel.swift */; };
		4902C4FE23119B4B009D1416 /* DeviceServiceViewModel.swift in Sources */ = {isa = PBXBuildFile; fileRef = 4902C4FD23119B4B009D1416 /* DeviceServiceViewModel.swift */; };
		4902C50023119B76009D1416 /* DeviceCharacteristicCellViewModel.swift in Sources */ = {isa = PBXBuildFile; fileRef = 4902C4FF23119B76009D1416 /* DeviceCharacteristicCellViewModel.swift */; };
		491323692306BE1A0035A693 /* AppDelegate.swift in Sources */ = {isa = PBXBuildFile; fileRef = 491323682306BE1A0035A693 /* AppDelegate.swift */; };
		4913236B2306BE1A0035A693 /* SceneDelegate.swift in Sources */ = {isa = PBXBuildFile; fileRef = 4913236A2306BE1A0035A693 /* SceneDelegate.swift */; };
		4913236F2306BE1E0035A693 /* Assets.xcassets in Resources */ = {isa = PBXBuildFile; fileRef = 4913236E2306BE1E0035A693 /* Assets.xcassets */; };
		491323722306BE1E0035A693 /* Preview Assets.xcassets in Resources */ = {isa = PBXBuildFile; fileRef = 491323712306BE1E0035A693 /* Preview Assets.xcassets */; };
		491323752306BE1E0035A693 /* LaunchScreen.storyboard in Resources */ = {isa = PBXBuildFile; fileRef = 491323732306BE1E0035A693 /* LaunchScreen.storyboard */; };
		491323802306BE1E0035A693 /* Blue_FalconTests.swift in Sources */ = {isa = PBXBuildFile; fileRef = 4913237F2306BE1E0035A693 /* Blue_FalconTests.swift */; };
		4913238B2306BE1E0035A693 /* Blue_FalconUITests.swift in Sources */ = {isa = PBXBuildFile; fileRef = 4913238A2306BE1E0035A693 /* Blue_FalconUITests.swift */; };
		498B07F9231A7E9700CA8EC1 /* HostingController.swift in Sources */ = {isa = PBXBuildFile; fileRef = 498B07F8231A7E9700CA8EC1 /* HostingController.swift */; };
		498B07FC231A80DF00CA8EC1 /* DevicesViewCell.swift in Sources */ = {isa = PBXBuildFile; fileRef = 498B07FB231A80DF00CA8EC1 /* DevicesViewCell.swift */; };
		498B07FE231C405800CA8EC1 /* ActivityIndicator.swift in Sources */ = {isa = PBXBuildFile; fileRef = 498B07FD231C405800CA8EC1 /* ActivityIndicator.swift */; };
		498B0800231C413800CA8EC1 /* Strings.swift in Sources */ = {isa = PBXBuildFile; fileRef = 498B07FF231C413800CA8EC1 /* Strings.swift */; };
		49BD3E89231C575900960C6F /* BluetoothConnectionState.swift in Sources */ = {isa = PBXBuildFile; fileRef = 49BD3E88231C575900960C6F /* BluetoothConnectionState.swift */; };
		49CF49432316594A00B30A4C /* DeviceCharacteristicCell.swift in Sources */ = {isa = PBXBuildFile; fileRef = 49CF49422316594A00B30A4C /* DeviceCharacteristicCell.swift */; };
		B6AB3EF9ABF6DE926F2A877D /* Pods_Blue_FalconUITests.framework in Frameworks */ = {isa = PBXBuildFile; fileRef = 28CE099E84C76E60CE8E17AE /* Pods_Blue_FalconUITests.framework */; };
/* End PBXBuildFile section */

/* Begin PBXContainerItemProxy section */
		4913237C2306BE1E0035A693 /* PBXContainerItemProxy */ = {
			isa = PBXContainerItemProxy;
			containerPortal = 4913235D2306BE1A0035A693 /* Project object */;
			proxyType = 1;
			remoteGlobalIDString = 491323642306BE1A0035A693;
			remoteInfo = "Blue-Falcon";
		};
		491323872306BE1E0035A693 /* PBXContainerItemProxy */ = {
			isa = PBXContainerItemProxy;
			containerPortal = 4913235D2306BE1A0035A693 /* Project object */;
			proxyType = 1;
			remoteGlobalIDString = 491323642306BE1A0035A693;
			remoteInfo = "Blue-Falcon";
		};
/* End PBXContainerItemProxy section */

/* Begin PBXFileReference section */
		12998B1BEDD755009B26AC20 /* Pods-Blue-Falcon.release.xcconfig */ = {isa = PBXFileReference; includeInIndex = 1; lastKnownFileType = text.xcconfig; name = "Pods-Blue-Falcon.release.xcconfig"; path = "Target Support Files/Pods-Blue-Falcon/Pods-Blue-Falcon.release.xcconfig"; sourceTree = "<group>"; };
		28CE099E84C76E60CE8E17AE /* Pods_Blue_FalconUITests.framework */ = {isa = PBXFileReference; explicitFileType = wrapper.framework; includeInIndex = 0; path = Pods_Blue_FalconUITests.framework; sourceTree = BUILT_PRODUCTS_DIR; };
		42D534E1A926A5304B97EAC6 /* Pods-Blue-FalconUITests.release.xcconfig */ = {isa = PBXFileReference; includeInIndex = 1; lastKnownFileType = text.xcconfig; name = "Pods-Blue-FalconUITests.release.xcconfig"; path = "Target Support Files/Pods-Blue-FalconUITests/Pods-Blue-FalconUITests.release.xcconfig"; sourceTree = "<group>"; };
		4902C4EC231127B4009D1416 /* DevicesViewModel.swift */ = {isa = PBXFileReference; lastKnownFileType = sourcecode.swift; path = DevicesViewModel.swift; sourceTree = "<group>"; };
		4902C4EE231127C4009D1416 /* DevicesCellViewModel.swift */ = {isa = PBXFileReference; lastKnownFileType = sourcecode.swift; path = DevicesCellViewModel.swift; sourceTree = "<group>"; };
		4902C4F323112873009D1416 /* DevicesView.swift */ = {isa = PBXFileReference; fileEncoding = 4; lastKnownFileType = sourcecode.swift; path = DevicesView.swift; sourceTree = "<group>"; };
		4902C4F523112A9D009D1416 /* DeviceView.swift */ = {isa = PBXFileReference; lastKnownFileType = sourcecode.swift; path = DeviceView.swift; sourceTree = "<group>"; };
		4902C4F7231131F2009D1416 /* DeviceViewModel.swift */ = {isa = PBXFileReference; lastKnownFileType = sourcecode.swift; path = DeviceViewModel.swift; sourceTree = "<group>"; };
		4902C4F92311920C009D1416 /* DeviceServiceView.swift */ = {isa = PBXFileReference; lastKnownFileType = sourcecode.swift; path = DeviceServiceView.swift; sourceTree = "<group>"; };
		4902C4FB23119B26009D1416 /* DeviceServiceCellViewModel.swift */ = {isa = PBXFileReference; lastKnownFileType = sourcecode.swift; path = DeviceServiceCellViewModel.swift; sourceTree = "<group>"; };
		4902C4FD23119B4B009D1416 /* DeviceServiceViewModel.swift */ = {isa = PBXFileReference; lastKnownFileType = sourcecode.swift; path = DeviceServiceViewModel.swift; sourceTree = "<group>"; };
		4902C4FF23119B76009D1416 /* DeviceCharacteristicCellViewModel.swift */ = {isa = PBXFileReference; lastKnownFileType = sourcecode.swift; path = DeviceCharacteristicCellViewModel.swift; sourceTree = "<group>"; };
		491323652306BE1A0035A693 /* Blue-Falcon.app */ = {isa = PBXFileReference; explicitFileType = wrapper.application; includeInIndex = 0; path = "Blue-Falcon.app"; sourceTree = BUILT_PRODUCTS_DIR; };
		491323682306BE1A0035A693 /* AppDelegate.swift */ = {isa = PBXFileReference; lastKnownFileType = sourcecode.swift; path = AppDelegate.swift; sourceTree = "<group>"; };
		4913236A2306BE1A0035A693 /* SceneDelegate.swift */ = {isa = PBXFileReference; lastKnownFileType = sourcecode.swift; path = SceneDelegate.swift; sourceTree = "<group>"; };
		4913236E2306BE1E0035A693 /* Assets.xcassets */ = {isa = PBXFileReference; lastKnownFileType = folder.assetcatalog; path = Assets.xcassets; sourceTree = "<group>"; };
		491323712306BE1E0035A693 /* Preview Assets.xcassets */ = {isa = PBXFileReference; lastKnownFileType = folder.assetcatalog; path = "Preview Assets.xcassets"; sourceTree = "<group>"; };
		491323742306BE1E0035A693 /* Base */ = {isa = PBXFileReference; lastKnownFileType = file.storyboard; name = Base; path = Base.lproj/LaunchScreen.storyboard; sourceTree = "<group>"; };
		491323762306BE1E0035A693 /* Info.plist */ = {isa = PBXFileReference; lastKnownFileType = text.plist.xml; path = Info.plist; sourceTree = "<group>"; };
		4913237B2306BE1E0035A693 /* Blue-FalconTests.xctest */ = {isa = PBXFileReference; explicitFileType = wrapper.cfbundle; includeInIndex = 0; path = "Blue-FalconTests.xctest"; sourceTree = BUILT_PRODUCTS_DIR; };
		4913237F2306BE1E0035A693 /* Blue_FalconTests.swift */ = {isa = PBXFileReference; lastKnownFileType = sourcecode.swift; path = Blue_FalconTests.swift; sourceTree = "<group>"; };
		491323812306BE1E0035A693 /* Info.plist */ = {isa = PBXFileReference; lastKnownFileType = text.plist.xml; path = Info.plist; sourceTree = "<group>"; };
		491323862306BE1E0035A693 /* Blue-FalconUITests.xctest */ = {isa = PBXFileReference; explicitFileType = wrapper.cfbundle; includeInIndex = 0; path = "Blue-FalconUITests.xctest"; sourceTree = BUILT_PRODUCTS_DIR; };
		4913238A2306BE1E0035A693 /* Blue_FalconUITests.swift */ = {isa = PBXFileReference; lastKnownFileType = sourcecode.swift; path = Blue_FalconUITests.swift; sourceTree = "<group>"; };
		4913238C2306BE1E0035A693 /* Info.plist */ = {isa = PBXFileReference; lastKnownFileType = text.plist.xml; path = Info.plist; sourceTree = "<group>"; };
		498B07F8231A7E9700CA8EC1 /* HostingController.swift */ = {isa = PBXFileReference; lastKnownFileType = sourcecode.swift; path = HostingController.swift; sourceTree = "<group>"; };
		498B07FB231A80DF00CA8EC1 /* DevicesViewCell.swift */ = {isa = PBXFileReference; lastKnownFileType = sourcecode.swift; path = DevicesViewCell.swift; sourceTree = "<group>"; };
		498B07FD231C405800CA8EC1 /* ActivityIndicator.swift */ = {isa = PBXFileReference; lastKnownFileType = sourcecode.swift; path = ActivityIndicator.swift; sourceTree = "<group>"; };
		498B07FF231C413800CA8EC1 /* Strings.swift */ = {isa = PBXFileReference; lastKnownFileType = sourcecode.swift; path = Strings.swift; sourceTree = "<group>"; };
		49BD3E88231C575900960C6F /* BluetoothConnectionState.swift */ = {isa = PBXFileReference; lastKnownFileType = sourcecode.swift; path = BluetoothConnectionState.swift; sourceTree = "<group>"; };
		49CF49422316594A00B30A4C /* DeviceCharacteristicCell.swift */ = {isa = PBXFileReference; lastKnownFileType = sourcecode.swift; path = DeviceCharacteristicCell.swift; sourceTree = "<group>"; };
		7DCB1F90714D69E9DFB9A15C /* Pods_Blue_Falcon.framework */ = {isa = PBXFileReference; explicitFileType = wrapper.framework; includeInIndex = 0; path = Pods_Blue_Falcon.framework; sourceTree = BUILT_PRODUCTS_DIR; };
		86B1877241E77DBE989028FD /* Pods-Blue-FalconUITests.debug.xcconfig */ = {isa = PBXFileReference; includeInIndex = 1; lastKnownFileType = text.xcconfig; name = "Pods-Blue-FalconUITests.debug.xcconfig"; path = "Target Support Files/Pods-Blue-FalconUITests/Pods-Blue-FalconUITests.debug.xcconfig"; sourceTree = "<group>"; };
		B526CB3F28C7FE940A5E947C /* Pods_Blue_FalconTests.framework */ = {isa = PBXFileReference; explicitFileType = wrapper.framework; includeInIndex = 0; path = Pods_Blue_FalconTests.framework; sourceTree = BUILT_PRODUCTS_DIR; };
		B68B91B5DEB67F32A0743837 /* Pods-Blue-Falcon.debug.xcconfig */ = {isa = PBXFileReference; includeInIndex = 1; lastKnownFileType = text.xcconfig; name = "Pods-Blue-Falcon.debug.xcconfig"; path = "Target Support Files/Pods-Blue-Falcon/Pods-Blue-Falcon.debug.xcconfig"; sourceTree = "<group>"; };
		B823EA2B4839EAAEDA309AF4 /* Pods-Blue-FalconTests.debug.xcconfig */ = {isa = PBXFileReference; includeInIndex = 1; lastKnownFileType = text.xcconfig; name = "Pods-Blue-FalconTests.debug.xcconfig"; path = "Target Support Files/Pods-Blue-FalconTests/Pods-Blue-FalconTests.debug.xcconfig"; sourceTree = "<group>"; };
		D9DFC019EAC63150CAADEE3F /* Pods-Blue-FalconTests.release.xcconfig */ = {isa = PBXFileReference; includeInIndex = 1; lastKnownFileType = text.xcconfig; name = "Pods-Blue-FalconTests.release.xcconfig"; path = "Target Support Files/Pods-Blue-FalconTests/Pods-Blue-FalconTests.release.xcconfig"; sourceTree = "<group>"; };
/* End PBXFileReference section */

/* Begin PBXFrameworksBuildPhase section */
		491323622306BE1A0035A693 /* Frameworks */ = {
			isa = PBXFrameworksBuildPhase;
			buildActionMask = 2147483647;
			files = (
				30A2DF892B24294E43FA2C05 /* Pods_Blue_Falcon.framework in Frameworks */,
			);
			runOnlyForDeploymentPostprocessing = 0;
		};
		491323782306BE1E0035A693 /* Frameworks */ = {
			isa = PBXFrameworksBuildPhase;
			buildActionMask = 2147483647;
			files = (
				29BA30B3CD68DA1563FEDE72 /* Pods_Blue_FalconTests.framework in Frameworks */,
			);
			runOnlyForDeploymentPostprocessing = 0;
		};
		491323832306BE1E0035A693 /* Frameworks */ = {
			isa = PBXFrameworksBuildPhase;
			buildActionMask = 2147483647;
			files = (
				B6AB3EF9ABF6DE926F2A877D /* Pods_Blue_FalconUITests.framework in Frameworks */,
			);
			runOnlyForDeploymentPostprocessing = 0;
		};
/* End PBXFrameworksBuildPhase section */

/* Begin PBXGroup section */
		4902C4EB2311279A009D1416 /* ViewModels */ = {
			isa = PBXGroup;
			children = (
				4902C4EC231127B4009D1416 /* DevicesViewModel.swift */,
				4902C4EE231127C4009D1416 /* DevicesCellViewModel.swift */,
				4902C4F7231131F2009D1416 /* DeviceViewModel.swift */,
				4902C4FB23119B26009D1416 /* DeviceServiceCellViewModel.swift */,
				4902C4FD23119B4B009D1416 /* DeviceServiceViewModel.swift */,
				4902C4FF23119B76009D1416 /* DeviceCharacteristicCellViewModel.swift */,
			);
			path = ViewModels;
			sourceTree = "<group>";
		};
		4902C4F023112857009D1416 /* Views */ = {
			isa = PBXGroup;
			children = (
				498B07FA231A803B00CA8EC1 /* Cells */,
				4902C4F323112873009D1416 /* DevicesView.swift */,
				4902C4F523112A9D009D1416 /* DeviceView.swift */,
				4902C4F92311920C009D1416 /* DeviceServiceView.swift */,
				49CF49422316594A00B30A4C /* DeviceCharacteristicCell.swift */,
				498B07FD231C405800CA8EC1 /* ActivityIndicator.swift */,
			);
			path = Views;
			sourceTree = "<group>";
		};
		4913235C2306BE1A0035A693 = {
			isa = PBXGroup;
			children = (
				491323672306BE1A0035A693 /* Blue-Falcon */,
				4913237E2306BE1E0035A693 /* Blue-FalconTests */,
				491323892306BE1E0035A693 /* Blue-FalconUITests */,
				491323662306BE1A0035A693 /* Products */,
				4985B0C9F6BCD1769ACA6644 /* Pods */,
				7234F4FA77B20A826915AA03 /* Frameworks */,
			);
			sourceTree = "<group>";
		};
		491323662306BE1A0035A693 /* Products */ = {
			isa = PBXGroup;
			children = (
				491323652306BE1A0035A693 /* Blue-Falcon.app */,
				4913237B2306BE1E0035A693 /* Blue-FalconTests.xctest */,
				491323862306BE1E0035A693 /* Blue-FalconUITests.xctest */,
			);
			name = Products;
			sourceTree = "<group>";
		};
		491323672306BE1A0035A693 /* Blue-Falcon */ = {
			isa = PBXGroup;
			children = (
				49BD3E87231C573100960C6F /* Models */,
				498B07F7231A7E8F00CA8EC1 /* Controllers */,
				4902C4F023112857009D1416 /* Views */,
				4902C4EB2311279A009D1416 /* ViewModels */,
				491323682306BE1A0035A693 /* AppDelegate.swift */,
				4913236A2306BE1A0035A693 /* SceneDelegate.swift */,
				4913236E2306BE1E0035A693 /* Assets.xcassets */,
				491323732306BE1E0035A693 /* LaunchScreen.storyboard */,
				491323762306BE1E0035A693 /* Info.plist */,
				491323702306BE1E0035A693 /* Preview Content */,
				498B07FF231C413800CA8EC1 /* Strings.swift */,
			);
			path = "Blue-Falcon";
			sourceTree = "<group>";
		};
		491323702306BE1E0035A693 /* Preview Content */ = {
			isa = PBXGroup;
			children = (
				491323712306BE1E0035A693 /* Preview Assets.xcassets */,
			);
			path = "Preview Content";
			sourceTree = "<group>";
		};
		4913237E2306BE1E0035A693 /* Blue-FalconTests */ = {
			isa = PBXGroup;
			children = (
				4913237F2306BE1E0035A693 /* Blue_FalconTests.swift */,
				491323812306BE1E0035A693 /* Info.plist */,
			);
			path = "Blue-FalconTests";
			sourceTree = "<group>";
		};
		491323892306BE1E0035A693 /* Blue-FalconUITests */ = {
			isa = PBXGroup;
			children = (
				4913238A2306BE1E0035A693 /* Blue_FalconUITests.swift */,
				4913238C2306BE1E0035A693 /* Info.plist */,
			);
			path = "Blue-FalconUITests";
			sourceTree = "<group>";
		};
		4985B0C9F6BCD1769ACA6644 /* Pods */ = {
			isa = PBXGroup;
			children = (
				B68B91B5DEB67F32A0743837 /* Pods-Blue-Falcon.debug.xcconfig */,
				12998B1BEDD755009B26AC20 /* Pods-Blue-Falcon.release.xcconfig */,
				B823EA2B4839EAAEDA309AF4 /* Pods-Blue-FalconTests.debug.xcconfig */,
				D9DFC019EAC63150CAADEE3F /* Pods-Blue-FalconTests.release.xcconfig */,
				86B1877241E77DBE989028FD /* Pods-Blue-FalconUITests.debug.xcconfig */,
				42D534E1A926A5304B97EAC6 /* Pods-Blue-FalconUITests.release.xcconfig */,
			);
			path = Pods;
			sourceTree = "<group>";
		};
		498B07F7231A7E8F00CA8EC1 /* Controllers */ = {
			isa = PBXGroup;
			children = (
				498B07F8231A7E9700CA8EC1 /* HostingController.swift */,
			);
			path = Controllers;
			sourceTree = "<group>";
		};
		498B07FA231A803B00CA8EC1 /* Cells */ = {
			isa = PBXGroup;
			children = (
				498B07FB231A80DF00CA8EC1 /* DevicesViewCell.swift */,
			);
			path = Cells;
			sourceTree = "<group>";
		};
		49BD3E87231C573100960C6F /* Models */ = {
			isa = PBXGroup;
			children = (
				49BD3E88231C575900960C6F /* BluetoothConnectionState.swift */,
			);
			path = Models;
			sourceTree = "<group>";
		};
		7234F4FA77B20A826915AA03 /* Frameworks */ = {
			isa = PBXGroup;
			children = (
				7DCB1F90714D69E9DFB9A15C /* Pods_Blue_Falcon.framework */,
				B526CB3F28C7FE940A5E947C /* Pods_Blue_FalconTests.framework */,
				28CE099E84C76E60CE8E17AE /* Pods_Blue_FalconUITests.framework */,
			);
			name = Frameworks;
			sourceTree = "<group>";
		};
/* End PBXGroup section */

/* Begin PBXNativeTarget section */
		491323642306BE1A0035A693 /* Blue-Falcon */ = {
			isa = PBXNativeTarget;
			buildConfigurationList = 4913238F2306BE1E0035A693 /* Build configuration list for PBXNativeTarget "Blue-Falcon" */;
			buildPhases = (
				C5280AB84A2AB4AA8C5287B0 /* [CP] Check Pods Manifest.lock */,
				491323612306BE1A0035A693 /* Sources */,
				491323622306BE1A0035A693 /* Frameworks */,
				491323632306BE1A0035A693 /* Resources */,
			);
			buildRules = (
			);
			dependencies = (
			);
			name = "Blue-Falcon";
			productName = "Blue-Falcon";
			productReference = 491323652306BE1A0035A693 /* Blue-Falcon.app */;
			productType = "com.apple.product-type.application";
		};
		4913237A2306BE1E0035A693 /* Blue-FalconTests */ = {
			isa = PBXNativeTarget;
			buildConfigurationList = 491323922306BE1E0035A693 /* Build configuration list for PBXNativeTarget "Blue-FalconTests" */;
			buildPhases = (
				BD9023CF3AFF47A370FFE2FB /* [CP] Check Pods Manifest.lock */,
				491323772306BE1E0035A693 /* Sources */,
				491323782306BE1E0035A693 /* Frameworks */,
				491323792306BE1E0035A693 /* Resources */,
			);
			buildRules = (
			);
			dependencies = (
				4913237D2306BE1E0035A693 /* PBXTargetDependency */,
			);
			name = "Blue-FalconTests";
			productName = "Blue-FalconTests";
			productReference = 4913237B2306BE1E0035A693 /* Blue-FalconTests.xctest */;
			productType = "com.apple.product-type.bundle.unit-test";
		};
		491323852306BE1E0035A693 /* Blue-FalconUITests */ = {
			isa = PBXNativeTarget;
			buildConfigurationList = 491323952306BE1E0035A693 /* Build configuration list for PBXNativeTarget "Blue-FalconUITests" */;
			buildPhases = (
				5BA87998C3B14391ED14EF60 /* [CP] Check Pods Manifest.lock */,
				491323822306BE1E0035A693 /* Sources */,
				491323832306BE1E0035A693 /* Frameworks */,
				491323842306BE1E0035A693 /* Resources */,
			);
			buildRules = (
			);
			dependencies = (
				491323882306BE1E0035A693 /* PBXTargetDependency */,
			);
			name = "Blue-FalconUITests";
			productName = "Blue-FalconUITests";
			productReference = 491323862306BE1E0035A693 /* Blue-FalconUITests.xctest */;
			productType = "com.apple.product-type.bundle.ui-testing";
		};
/* End PBXNativeTarget section */

/* Begin PBXProject section */
		4913235D2306BE1A0035A693 /* Project object */ = {
			isa = PBXProject;
			attributes = {
				LastSwiftUpdateCheck = 1100;
				LastUpgradeCheck = 1100;
				ORGANIZATIONNAME = "Andrew Reed";
				TargetAttributes = {
					491323642306BE1A0035A693 = {
						CreatedOnToolsVersion = 11.0;
					};
					4913237A2306BE1E0035A693 = {
						CreatedOnToolsVersion = 11.0;
						TestTargetID = 491323642306BE1A0035A693;
					};
					491323852306BE1E0035A693 = {
						CreatedOnToolsVersion = 11.0;
						TestTargetID = 491323642306BE1A0035A693;
					};
				};
			};
			buildConfigurationList = 491323602306BE1A0035A693 /* Build configuration list for PBXProject "Blue-Falcon" */;
			compatibilityVersion = "Xcode 9.3";
			developmentRegion = en;
			hasScannedForEncodings = 0;
			knownRegions = (
				en,
				Base,
			);
			mainGroup = 4913235C2306BE1A0035A693;
			productRefGroup = 491323662306BE1A0035A693 /* Products */;
			projectDirPath = "";
			projectRoot = "";
			targets = (
				491323642306BE1A0035A693 /* Blue-Falcon */,
				4913237A2306BE1E0035A693 /* Blue-FalconTests */,
				491323852306BE1E0035A693 /* Blue-FalconUITests */,
			);
		};
/* End PBXProject section */

/* Begin PBXResourcesBuildPhase section */
		491323632306BE1A0035A693 /* Resources */ = {
			isa = PBXResourcesBuildPhase;
			buildActionMask = 2147483647;
			files = (
				491323752306BE1E0035A693 /* LaunchScreen.storyboard in Resources */,
				491323722306BE1E0035A693 /* Preview Assets.xcassets in Resources */,
				4913236F2306BE1E0035A693 /* Assets.xcassets in Resources */,
			);
			runOnlyForDeploymentPostprocessing = 0;
		};
		491323792306BE1E0035A693 /* Resources */ = {
			isa = PBXResourcesBuildPhase;
			buildActionMask = 2147483647;
			files = (
			);
			runOnlyForDeploymentPostprocessing = 0;
		};
		491323842306BE1E0035A693 /* Resources */ = {
			isa = PBXResourcesBuildPhase;
			buildActionMask = 2147483647;
			files = (
			);
			runOnlyForDeploymentPostprocessing = 0;
		};
/* End PBXResourcesBuildPhase section */

/* Begin PBXShellScriptBuildPhase section */
		5BA87998C3B14391ED14EF60 /* [CP] Check Pods Manifest.lock */ = {
			isa = PBXShellScriptBuildPhase;
			buildActionMask = 2147483647;
			files = (
			);
			inputFileListPaths = (
			);
			inputPaths = (
				"${PODS_PODFILE_DIR_PATH}/Podfile.lock",
				"${PODS_ROOT}/Manifest.lock",
			);
			name = "[CP] Check Pods Manifest.lock";
			outputFileListPaths = (
			);
			outputPaths = (
				"$(DERIVED_FILE_DIR)/Pods-Blue-FalconUITests-checkManifestLockResult.txt",
			);
			runOnlyForDeploymentPostprocessing = 0;
			shellPath = /bin/sh;
			shellScript = "diff \"${PODS_PODFILE_DIR_PATH}/Podfile.lock\" \"${PODS_ROOT}/Manifest.lock\" > /dev/null\nif [ $? != 0 ] ; then\n    # print error to STDERR\n    echo \"error: The sandbox is not in sync with the Podfile.lock. Run 'pod install' or update your CocoaPods installation.\" >&2\n    exit 1\nfi\n# This output is used by Xcode 'outputs' to avoid re-running this script phase.\necho \"SUCCESS\" > \"${SCRIPT_OUTPUT_FILE_0}\"\n";
			showEnvVarsInLog = 0;
		};
		BD9023CF3AFF47A370FFE2FB /* [CP] Check Pods Manifest.lock */ = {
			isa = PBXShellScriptBuildPhase;
			buildActionMask = 2147483647;
			files = (
			);
			inputFileListPaths = (
			);
			inputPaths = (
				"${PODS_PODFILE_DIR_PATH}/Podfile.lock",
				"${PODS_ROOT}/Manifest.lock",
			);
			name = "[CP] Check Pods Manifest.lock";
			outputFileListPaths = (
			);
			outputPaths = (
				"$(DERIVED_FILE_DIR)/Pods-Blue-FalconTests-checkManifestLockResult.txt",
			);
			runOnlyForDeploymentPostprocessing = 0;
			shellPath = /bin/sh;
			shellScript = "diff \"${PODS_PODFILE_DIR_PATH}/Podfile.lock\" \"${PODS_ROOT}/Manifest.lock\" > /dev/null\nif [ $? != 0 ] ; then\n    # print error to STDERR\n    echo \"error: The sandbox is not in sync with the Podfile.lock. Run 'pod install' or update your CocoaPods installation.\" >&2\n    exit 1\nfi\n# This output is used by Xcode 'outputs' to avoid re-running this script phase.\necho \"SUCCESS\" > \"${SCRIPT_OUTPUT_FILE_0}\"\n";
			showEnvVarsInLog = 0;
		};
		C5280AB84A2AB4AA8C5287B0 /* [CP] Check Pods Manifest.lock */ = {
			isa = PBXShellScriptBuildPhase;
			buildActionMask = 2147483647;
			files = (
			);
			inputFileListPaths = (
			);
			inputPaths = (
				"${PODS_PODFILE_DIR_PATH}/Podfile.lock",
				"${PODS_ROOT}/Manifest.lock",
			);
			name = "[CP] Check Pods Manifest.lock";
			outputFileListPaths = (
			);
			outputPaths = (
				"$(DERIVED_FILE_DIR)/Pods-Blue-Falcon-checkManifestLockResult.txt",
			);
			runOnlyForDeploymentPostprocessing = 0;
			shellPath = /bin/sh;
			shellScript = "diff \"${PODS_PODFILE_DIR_PATH}/Podfile.lock\" \"${PODS_ROOT}/Manifest.lock\" > /dev/null\nif [ $? != 0 ] ; then\n    # print error to STDERR\n    echo \"error: The sandbox is not in sync with the Podfile.lock. Run 'pod install' or update your CocoaPods installation.\" >&2\n    exit 1\nfi\n# This output is used by Xcode 'outputs' to avoid re-running this script phase.\necho \"SUCCESS\" > \"${SCRIPT_OUTPUT_FILE_0}\"\n";
			showEnvVarsInLog = 0;
		};
/* End PBXShellScriptBuildPhase section */

/* Begin PBXSourcesBuildPhase section */
		491323612306BE1A0035A693 /* Sources */ = {
			isa = PBXSourcesBuildPhase;
			buildActionMask = 2147483647;
			files = (
				4902C50023119B76009D1416 /* DeviceCharacteristicCellViewModel.swift in Sources */,
				498B07FE231C405800CA8EC1 /* ActivityIndicator.swift in Sources */,
				498B0800231C413800CA8EC1 /* Strings.swift in Sources */,
				4902C4ED231127B4009D1416 /* DevicesViewModel.swift in Sources */,
				4902C4F423112873009D1416 /* DevicesView.swift in Sources */,
				4902C4F623112A9D009D1416 /* DeviceView.swift in Sources */,
				491323692306BE1A0035A693 /* AppDelegate.swift in Sources */,
				498B07F9231A7E9700CA8EC1 /* HostingController.swift in Sources */,
				498B07FC231A80DF00CA8EC1 /* DevicesViewCell.swift in Sources */,
				4902C4FE23119B4B009D1416 /* DeviceServiceViewModel.swift in Sources */,
				4913236B2306BE1A0035A693 /* SceneDelegate.swift in Sources */,
				49BD3E89231C575900960C6F /* BluetoothConnectionState.swift in Sources */,
				4902C4F8231131F2009D1416 /* DeviceViewModel.swift in Sources */,
				4902C4FA2311920C009D1416 /* DeviceServiceView.swift in Sources */,
				4902C4FC23119B26009D1416 /* DeviceServiceCellViewModel.swift in Sources */,
				49CF49432316594A00B30A4C /* DeviceCharacteristicCell.swift in Sources */,
				4902C4EF231127C4009D1416 /* DevicesCellViewModel.swift in Sources */,
			);
			runOnlyForDeploymentPostprocessing = 0;
		};
		491323772306BE1E0035A693 /* Sources */ = {
			isa = PBXSourcesBuildPhase;
			buildActionMask = 2147483647;
			files = (
				491323802306BE1E0035A693 /* Blue_FalconTests.swift in Sources */,
			);
			runOnlyForDeploymentPostprocessing = 0;
		};
		491323822306BE1E0035A693 /* Sources */ = {
			isa = PBXSourcesBuildPhase;
			buildActionMask = 2147483647;
			files = (
				4913238B2306BE1E0035A693 /* Blue_FalconUITests.swift in Sources */,
			);
			runOnlyForDeploymentPostprocessing = 0;
		};
/* End PBXSourcesBuildPhase section */

/* Begin PBXTargetDependency section */
		4913237D2306BE1E0035A693 /* PBXTargetDependency */ = {
			isa = PBXTargetDependency;
			target = 491323642306BE1A0035A693 /* Blue-Falcon */;
			targetProxy = 4913237C2306BE1E0035A693 /* PBXContainerItemProxy */;
		};
		491323882306BE1E0035A693 /* PBXTargetDependency */ = {
			isa = PBXTargetDependency;
			target = 491323642306BE1A0035A693 /* Blue-Falcon */;
			targetProxy = 491323872306BE1E0035A693 /* PBXContainerItemProxy */;
		};
/* End PBXTargetDependency section */

/* Begin PBXVariantGroup section */
		491323732306BE1E0035A693 /* LaunchScreen.storyboard */ = {
			isa = PBXVariantGroup;
			children = (
				491323742306BE1E0035A693 /* Base */,
			);
			name = LaunchScreen.storyboard;
			sourceTree = "<group>";
		};
/* End PBXVariantGroup section */

/* Begin XCBuildConfiguration section */
		4913238D2306BE1E0035A693 /* Debug */ = {
			isa = XCBuildConfiguration;
			buildSettings = {
				ALWAYS_SEARCH_USER_PATHS = NO;
				CLANG_ANALYZER_NONNULL = YES;
				CLANG_ANALYZER_NUMBER_OBJECT_CONVERSION = YES_AGGRESSIVE;
				CLANG_CXX_LANGUAGE_STANDARD = "gnu++14";
				CLANG_CXX_LIBRARY = "libc++";
				CLANG_ENABLE_MODULES = YES;
				CLANG_ENABLE_OBJC_ARC = YES;
				CLANG_ENABLE_OBJC_WEAK = YES;
				CLANG_WARN_BLOCK_CAPTURE_AUTORELEASING = YES;
				CLANG_WARN_BOOL_CONVERSION = YES;
				CLANG_WARN_COMMA = YES;
				CLANG_WARN_CONSTANT_CONVERSION = YES;
				CLANG_WARN_DEPRECATED_OBJC_IMPLEMENTATIONS = YES;
				CLANG_WARN_DIRECT_OBJC_ISA_USAGE = YES_ERROR;
				CLANG_WARN_DOCUMENTATION_COMMENTS = YES;
				CLANG_WARN_EMPTY_BODY = YES;
				CLANG_WARN_ENUM_CONVERSION = YES;
				CLANG_WARN_INFINITE_RECURSION = YES;
				CLANG_WARN_INT_CONVERSION = YES;
				CLANG_WARN_NON_LITERAL_NULL_CONVERSION = YES;
				CLANG_WARN_OBJC_IMPLICIT_RETAIN_SELF = YES;
				CLANG_WARN_OBJC_LITERAL_CONVERSION = YES;
				CLANG_WARN_OBJC_ROOT_CLASS = YES_ERROR;
				CLANG_WARN_RANGE_LOOP_ANALYSIS = YES;
				CLANG_WARN_STRICT_PROTOTYPES = YES;
				CLANG_WARN_SUSPICIOUS_MOVE = YES;
				CLANG_WARN_UNGUARDED_AVAILABILITY = YES_AGGRESSIVE;
				CLANG_WARN_UNREACHABLE_CODE = YES;
				CLANG_WARN__DUPLICATE_METHOD_MATCH = YES;
				COPY_PHASE_STRIP = NO;
				DEBUG_INFORMATION_FORMAT = dwarf;
				ENABLE_STRICT_OBJC_MSGSEND = YES;
				ENABLE_TESTABILITY = YES;
				GCC_C_LANGUAGE_STANDARD = gnu11;
				GCC_DYNAMIC_NO_PIC = NO;
				GCC_NO_COMMON_BLOCKS = YES;
				GCC_OPTIMIZATION_LEVEL = 0;
				GCC_PREPROCESSOR_DEFINITIONS = (
					"DEBUG=1",
					"$(inherited)",
				);
				GCC_WARN_64_TO_32_BIT_CONVERSION = YES;
				GCC_WARN_ABOUT_RETURN_TYPE = YES_ERROR;
				GCC_WARN_UNDECLARED_SELECTOR = YES;
				GCC_WARN_UNINITIALIZED_AUTOS = YES_AGGRESSIVE;
				GCC_WARN_UNUSED_FUNCTION = YES;
				GCC_WARN_UNUSED_VARIABLE = YES;
				IPHONEOS_DEPLOYMENT_TARGET = 13.0;
				MTL_ENABLE_DEBUG_INFO = INCLUDE_SOURCE;
				MTL_FAST_MATH = YES;
				ONLY_ACTIVE_ARCH = YES;
				SDKROOT = iphoneos;
				SWIFT_ACTIVE_COMPILATION_CONDITIONS = DEBUG;
				SWIFT_OPTIMIZATION_LEVEL = "-Onone";
			};
			name = Debug;
		};
		4913238E2306BE1E0035A693 /* Release */ = {
			isa = XCBuildConfiguration;
			buildSettings = {
				ALWAYS_SEARCH_USER_PATHS = NO;
				CLANG_ANALYZER_NONNULL = YES;
				CLANG_ANALYZER_NUMBER_OBJECT_CONVERSION = YES_AGGRESSIVE;
				CLANG_CXX_LANGUAGE_STANDARD = "gnu++14";
				CLANG_CXX_LIBRARY = "libc++";
				CLANG_ENABLE_MODULES = YES;
				CLANG_ENABLE_OBJC_ARC = YES;
				CLANG_ENABLE_OBJC_WEAK = YES;
				CLANG_WARN_BLOCK_CAPTURE_AUTORELEASING = YES;
				CLANG_WARN_BOOL_CONVERSION = YES;
				CLANG_WARN_COMMA = YES;
				CLANG_WARN_CONSTANT_CONVERSION = YES;
				CLANG_WARN_DEPRECATED_OBJC_IMPLEMENTATIONS = YES;
				CLANG_WARN_DIRECT_OBJC_ISA_USAGE = YES_ERROR;
				CLANG_WARN_DOCUMENTATION_COMMENTS = YES;
				CLANG_WARN_EMPTY_BODY = YES;
				CLANG_WARN_ENUM_CONVERSION = YES;
				CLANG_WARN_INFINITE_RECURSION = YES;
				CLANG_WARN_INT_CONVERSION = YES;
				CLANG_WARN_NON_LITERAL_NULL_CONVERSION = YES;
				CLANG_WARN_OBJC_IMPLICIT_RETAIN_SELF = YES;
				CLANG_WARN_OBJC_LITERAL_CONVERSION = YES;
				CLANG_WARN_OBJC_ROOT_CLASS = YES_ERROR;
				CLANG_WARN_RANGE_LOOP_ANALYSIS = YES;
				CLANG_WARN_STRICT_PROTOTYPES = YES;
				CLANG_WARN_SUSPICIOUS_MOVE = YES;
				CLANG_WARN_UNGUARDED_AVAILABILITY = YES_AGGRESSIVE;
				CLANG_WARN_UNREACHABLE_CODE = YES;
				CLANG_WARN__DUPLICATE_METHOD_MATCH = YES;
				COPY_PHASE_STRIP = NO;
				DEBUG_INFORMATION_FORMAT = "dwarf-with-dsym";
				ENABLE_NS_ASSERTIONS = NO;
				ENABLE_STRICT_OBJC_MSGSEND = YES;
				GCC_C_LANGUAGE_STANDARD = gnu11;
				GCC_NO_COMMON_BLOCKS = YES;
				GCC_WARN_64_TO_32_BIT_CONVERSION = YES;
				GCC_WARN_ABOUT_RETURN_TYPE = YES_ERROR;
				GCC_WARN_UNDECLARED_SELECTOR = YES;
				GCC_WARN_UNINITIALIZED_AUTOS = YES_AGGRESSIVE;
				GCC_WARN_UNUSED_FUNCTION = YES;
				GCC_WARN_UNUSED_VARIABLE = YES;
				IPHONEOS_DEPLOYMENT_TARGET = 13.0;
				MTL_ENABLE_DEBUG_INFO = NO;
				MTL_FAST_MATH = YES;
				SDKROOT = iphoneos;
				SWIFT_COMPILATION_MODE = wholemodule;
				SWIFT_OPTIMIZATION_LEVEL = "-O";
				VALIDATE_PRODUCT = YES;
			};
			name = Release;
		};
		491323902306BE1E0035A693 /* Debug */ = {
			isa = XCBuildConfiguration;
			baseConfigurationReference = B68B91B5DEB67F32A0743837 /* Pods-Blue-Falcon.debug.xcconfig */;
			buildSettings = {
				ASSETCATALOG_COMPILER_APPICON_NAME = AppIcon;
				CODE_SIGN_STYLE = Automatic;
				DEVELOPMENT_ASSET_PATHS = "Blue-Falcon/Preview\\ Content";
				DEVELOPMENT_TEAM = 269C5Q4423;
				ENABLE_PREVIEWS = YES;
				INFOPLIST_FILE = "Blue-Falcon/Info.plist";
				LD_RUNPATH_SEARCH_PATHS = (
					"$(inherited)",
					"@executable_path/Frameworks",
				);
				PRODUCT_BUNDLE_IDENTIFIER = dev.bluefalcon;
				PRODUCT_NAME = "$(TARGET_NAME)";
				SWIFT_VERSION = 5.0;
				TARGETED_DEVICE_FAMILY = "1,2";
			};
			name = Debug;
		};
		491323912306BE1E0035A693 /* Release */ = {
			isa = XCBuildConfiguration;
			baseConfigurationReference = 12998B1BEDD755009B26AC20 /* Pods-Blue-Falcon.release.xcconfig */;
			buildSettings = {
				ASSETCATALOG_COMPILER_APPICON_NAME = AppIcon;
				CODE_SIGN_STYLE = Automatic;
				DEVELOPMENT_ASSET_PATHS = "Blue-Falcon/Preview\\ Content";
				DEVELOPMENT_TEAM = 269C5Q4423;
				ENABLE_PREVIEWS = YES;
				INFOPLIST_FILE = "Blue-Falcon/Info.plist";
				LD_RUNPATH_SEARCH_PATHS = (
					"$(inherited)",
					"@executable_path/Frameworks",
				);
				PRODUCT_BUNDLE_IDENTIFIER = dev.bluefalcon;
				PRODUCT_NAME = "$(TARGET_NAME)";
				SWIFT_VERSION = 5.0;
				TARGETED_DEVICE_FAMILY = "1,2";
			};
			name = Release;
		};
		491323932306BE1E0035A693 /* Debug */ = {
			isa = XCBuildConfiguration;
			baseConfigurationReference = B823EA2B4839EAAEDA309AF4 /* Pods-Blue-FalconTests.debug.xcconfig */;
			buildSettings = {
				ALWAYS_EMBED_SWIFT_STANDARD_LIBRARIES = YES;
				BUNDLE_LOADER = "$(TEST_HOST)";
				CODE_SIGN_STYLE = Automatic;
				DEVELOPMENT_TEAM = 269C5Q4423;
				INFOPLIST_FILE = "Blue-FalconTests/Info.plist";
				LD_RUNPATH_SEARCH_PATHS = (
					"$(inherited)",
					"@executable_path/Frameworks",
					"@loader_path/Frameworks",
				);
				PRODUCT_BUNDLE_IDENTIFIER = "uk.co.andrewreed.Blue-FalconTests";
				PRODUCT_NAME = "$(TARGET_NAME)";
				SWIFT_VERSION = 5.0;
				TARGETED_DEVICE_FAMILY = "1,2";
				TEST_HOST = "$(BUILT_PRODUCTS_DIR)/Blue-Falcon.app/Blue-Falcon";
			};
			name = Debug;
		};
		491323942306BE1E0035A693 /* Release */ = {
			isa = XCBuildConfiguration;
			baseConfigurationReference = D9DFC019EAC63150CAADEE3F /* Pods-Blue-FalconTests.release.xcconfig */;
			buildSettings = {
				ALWAYS_EMBED_SWIFT_STANDARD_LIBRARIES = YES;
				BUNDLE_LOADER = "$(TEST_HOST)";
				CODE_SIGN_STYLE = Automatic;
				DEVELOPMENT_TEAM = 269C5Q4423;
				INFOPLIST_FILE = "Blue-FalconTests/Info.plist";
				LD_RUNPATH_SEARCH_PATHS = (
					"$(inherited)",
					"@executable_path/Frameworks",
					"@loader_path/Frameworks",
				);
				PRODUCT_BUNDLE_IDENTIFIER = "uk.co.andrewreed.Blue-FalconTests";
				PRODUCT_NAME = "$(TARGET_NAME)";
				SWIFT_VERSION = 5.0;
				TARGETED_DEVICE_FAMILY = "1,2";
				TEST_HOST = "$(BUILT_PRODUCTS_DIR)/Blue-Falcon.app/Blue-Falcon";
			};
			name = Release;
		};
		491323962306BE1E0035A693 /* Debug */ = {
			isa = XCBuildConfiguration;
			baseConfigurationReference = 86B1877241E77DBE989028FD /* Pods-Blue-FalconUITests.debug.xcconfig */;
			buildSettings = {
				ALWAYS_EMBED_SWIFT_STANDARD_LIBRARIES = YES;
				CODE_SIGN_STYLE = Automatic;
				DEVELOPMENT_TEAM = 269C5Q4423;
				INFOPLIST_FILE = "Blue-FalconUITests/Info.plist";
				LD_RUNPATH_SEARCH_PATHS = (
					"$(inherited)",
					"@executable_path/Frameworks",
					"@loader_path/Frameworks",
				);
				PRODUCT_BUNDLE_IDENTIFIER = "uk.co.andrewreed.Blue-FalconUITests";
				PRODUCT_NAME = "$(TARGET_NAME)";
				SWIFT_VERSION = 5.0;
				TARGETED_DEVICE_FAMILY = "1,2";
				TEST_TARGET_NAME = "Blue-Falcon";
			};
			name = Debug;
		};
		491323972306BE1E0035A693 /* Release */ = {
			isa = XCBuildConfiguration;
			baseConfigurationReference = 42D534E1A926A5304B97EAC6 /* Pods-Blue-FalconUITests.release.xcconfig */;
			buildSettings = {
				ALWAYS_EMBED_SWIFT_STANDARD_LIBRARIES = YES;
				CODE_SIGN_STYLE = Automatic;
				DEVELOPMENT_TEAM = 269C5Q4423;
				INFOPLIST_FILE = "Blue-FalconUITests/Info.plist";
				LD_RUNPATH_SEARCH_PATHS = (
					"$(inherited)",
					"@executable_path/Frameworks",
					"@loader_path/Frameworks",
				);
				PRODUCT_BUNDLE_IDENTIFIER = "uk.co.andrewreed.Blue-FalconUITests";
				PRODUCT_NAME = "$(TARGET_NAME)";
				SWIFT_VERSION = 5.0;
				TARGETED_DEVICE_FAMILY = "1,2";
				TEST_TARGET_NAME = "Blue-Falcon";
			};
			name = Release;
		};
/* End XCBuildConfiguration section */

/* Begin XCConfigurationList section */
		491323602306BE1A0035A693 /* Build configuration list for PBXProject "Blue-Falcon" */ = {
			isa = XCConfigurationList;
			buildConfigurations = (
				4913238D2306BE1E0035A693 /* Debug */,
				4913238E2306BE1E0035A693 /* Release */,
			);
			defaultConfigurationIsVisible = 0;
			defaultConfigurationName = Release;
		};
		4913238F2306BE1E0035A693 /* Build configuration list for PBXNativeTarget "Blue-Falcon" */ = {
			isa = XCConfigurationList;
			buildConfigurations = (
				491323902306BE1E0035A693 /* Debug */,
				491323912306BE1E0035A693 /* Release */,
			);
			defaultConfigurationIsVisible = 0;
			defaultConfigurationName = Release;
		};
		491323922306BE1E0035A693 /* Build configuration list for PBXNativeTarget "Blue-FalconTests" */ = {
			isa = XCConfigurationList;
			buildConfigurations = (
				491323932306BE1E0035A693 /* Debug */,
				491323942306BE1E0035A693 /* Release */,
			);
			defaultConfigurationIsVisible = 0;
			defaultConfigurationName = Release;
		};
		491323952306BE1E0035A693 /* Build configuration list for PBXNativeTarget "Blue-FalconUITests" */ = {
			isa = XCConfigurationList;
			buildConfigurations = (
				491323962306BE1E0035A693 /* Debug */,
				491323972306BE1E0035A693 /* Release */,
			);
			defaultConfigurationIsVisible = 0;
			defaultConfigurationName = Release;
		};
/* End XCConfigurationList section */
	};
	rootObject = 4913235D2306BE1A0035A693 /* Project object */;
}
