{
  "originHash" : "435b47f4923f36f9eb880d5537ab208ccf4f28459eca5d4a3afb57ca2fd271eb",
  "pins" : [
    {
      "identity" : "kmm-viewmodel",
      "kind" : "remoteSourceControl",
      "location" : "https://github.com/rickclephas/KMM-ViewModel.git",
      "state" : {
        "revision" : "a94525baa10dfb5870d16b9a7155e0854deb705c",
        "version" : "1.0.0-BETA-3"
      }
    },
    {
      "identity" : "kmp-nativecoroutines",
      "kind" : "remoteSourceControl",
      "location" : "https://github.com/rickclephas/KMP-NativeCoroutines.git",
      "state" : {
        "revision" : "84993bb7e5ae1be8856b1f2d0b52d1a53cebdbfe",
        "version" : "1.0.0-ALPHA-31"
      }
    },
    {
      "identity" : "rxswift",
      "kind" : "remoteSourceControl",
      "location" : "https://github.com/ReactiveX/RxSwift.git",
      "state" : {
        "revision" : "9dcaa4b333db437b0fbfaf453fad29069044a8b4",
        "version" : "6.6.0"
      }
    }
  ],
  "version" : 3
}
