PODS:
  - library (0.7.0)

DEPENDENCIES:
  - library (from `/Users/andrewreed/Documents/workspace/blue-falcon/library`)

EXTERNAL SOURCES:
  library:
    :path: "/Users/andrewreed/Documents/workspace/blue-falcon/library"

SPEC CHECKSUMS:
  library: 1c2e72d0249a1308d9aa1d73a657e1e13e782fc0

PODFILE CHECKSUM: 395f5f9b30135ad9fec4ddbd07432803c89ea997

COCOAPODS: 1.9.1
