// !$*UTF8*$!
{
	archiveVersion = 1;
	classes = {
	};
	objectVersion = 50;
	objects = {

/* Begin PBXBuildFile section */
		2AAAC4626A74236FADBBC7AB /* Pods_Multi_BlueTests.framework in Frameworks */ = {isa = PBXBuildFile; fileRef = A4B10969BB23F12229C3F8C4 /* Pods_Multi_BlueTests.framework */; };
		3DA56BB837EC04A287431A07 /* Pods_Multi_BlueUITests.framework in Frameworks */ = {isa = PBXBuildFile; fileRef = 27257557E458973A91316704 /* Pods_Multi_BlueUITests.framework */; };
		49AAC5B92305BFE6009B89AB /* AppDelegate.swift in Sources */ = {isa = PBXBuildFile; fileRef = 49AAC5B82305BFE6009B89AB /* AppDelegate.swift */; };
		49AAC5BB2305BFE6009B89AB /* ViewController.swift in Sources */ = {isa = PBXBuildFile; fileRef = 49AAC5BA2305BFE6009B89AB /* ViewController.swift */; };
		49AAC5BE2305BFE6009B89AB /* Main.storyboard in Resources */ = {isa = PBXBuildFile; fileRef = 49AAC5BC2305BFE6009B89AB /* Main.storyboard */; };
		49AAC5C02305BFE8009B89AB /* Assets.xcassets in Resources */ = {isa = PBXBuildFile; fileRef = 49AAC5BF2305BFE8009B89AB /* Assets.xcassets */; };
		49AAC5C32305BFE8009B89AB /* LaunchScreen.storyboard in Resources */ = {isa = PBXBuildFile; fileRef = 49AAC5C12305BFE8009B89AB /* LaunchScreen.storyboard */; };
		49AAC5CE2305BFE8009B89AB /* Multi_BlueTests.swift in Sources */ = {isa = PBXBuildFile; fileRef = 49AAC5CD2305BFE8009B89AB /* Multi_BlueTests.swift */; };
		49AAC5D92305BFE8009B89AB /* Multi_BlueUITests.swift in Sources */ = {isa = PBXBuildFile; fileRef = 49AAC5D82305BFE8009B89AB /* Multi_BlueUITests.swift */; };
		D185CAB6D6C845E92EC7D6FD /* Pods_Multi_Blue.framework in Frameworks */ = {isa = PBXBuildFile; fileRef = D241F3C4D5DADD50949921B8 /* Pods_Multi_Blue.framework */; };
/* End PBXBuildFile section */

/* Begin PBXContainerItemProxy section */
		49AAC5CA2305BFE8009B89AB /* PBXContainerItemProxy */ = {
			isa = PBXContainerItemProxy;
			containerPortal = 49AAC5AD2305BFE6009B89AB /* Project object */;
			proxyType = 1;
			remoteGlobalIDString = 49AAC5B42305BFE6009B89AB;
			remoteInfo = "Multi-Blue";
		};
		49AAC5D52305BFE8009B89AB /* PBXContainerItemProxy */ = {
			isa = PBXContainerItemProxy;
			containerPortal = 49AAC5AD2305BFE6009B89AB /* Project object */;
			proxyType = 1;
			remoteGlobalIDString = 49AAC5B42305BFE6009B89AB;
			remoteInfo = "Multi-Blue";
		};
/* End PBXContainerItemProxy section */

/* Begin PBXFileReference section */
		050EA3DC884431C2C6D0C401 /* Pods-Multi-BlueTests.debug.xcconfig */ = {isa = PBXFileReference; includeInIndex = 1; lastKnownFileType = text.xcconfig; name = "Pods-Multi-BlueTests.debug.xcconfig"; path = "Target Support Files/Pods-Multi-BlueTests/Pods-Multi-BlueTests.debug.xcconfig"; sourceTree = "<group>"; };
		27257557E458973A91316704 /* Pods_Multi_BlueUITests.framework */ = {isa = PBXFileReference; explicitFileType = wrapper.framework; includeInIndex = 0; path = Pods_Multi_BlueUITests.framework; sourceTree = BUILT_PRODUCTS_DIR; };
		49AAC5B52305BFE6009B89AB /* Multi-Blue.app */ = {isa = PBXFileReference; explicitFileType = wrapper.application; includeInIndex = 0; path = "Multi-Blue.app"; sourceTree = BUILT_PRODUCTS_DIR; };
		49AAC5B82305BFE6009B89AB /* AppDelegate.swift */ = {isa = PBXFileReference; lastKnownFileType = sourcecode.swift; path = AppDelegate.swift; sourceTree = "<group>"; };
		49AAC5BA2305BFE6009B89AB /* ViewController.swift */ = {isa = PBXFileReference; lastKnownFileType = sourcecode.swift; path = ViewController.swift; sourceTree = "<group>"; };
		49AAC5BD2305BFE6009B89AB /* Base */ = {isa = PBXFileReference; lastKnownFileType = file.storyboard; name = Base; path = Base.lproj/Main.storyboard; sourceTree = "<group>"; };
		49AAC5BF2305BFE8009B89AB /* Assets.xcassets */ = {isa = PBXFileReference; lastKnownFileType = folder.assetcatalog; path = Assets.xcassets; sourceTree = "<group>"; };
		49AAC5C22305BFE8009B89AB /* Base */ = {isa = PBXFileReference; lastKnownFileType = file.storyboard; name = Base; path = Base.lproj/LaunchScreen.storyboard; sourceTree = "<group>"; };
		49AAC5C42305BFE8009B89AB /* Info.plist */ = {isa = PBXFileReference; lastKnownFileType = text.plist.xml; path = Info.plist; sourceTree = "<group>"; };
		49AAC5C92305BFE8009B89AB /* Multi-BlueTests.xctest */ = {isa = PBXFileReference; explicitFileType = wrapper.cfbundle; includeInIndex = 0; path = "Multi-BlueTests.xctest"; sourceTree = BUILT_PRODUCTS_DIR; };
		49AAC5CD2305BFE8009B89AB /* Multi_BlueTests.swift */ = {isa = PBXFileReference; lastKnownFileType = sourcecode.swift; path = Multi_BlueTests.swift; sourceTree = "<group>"; };
		49AAC5CF2305BFE8009B89AB /* Info.plist */ = {isa = PBXFileReference; lastKnownFileType = text.plist.xml; path = Info.plist; sourceTree = "<group>"; };
		49AAC5D42305BFE8009B89AB /* Multi-BlueUITests.xctest */ = {isa = PBXFileReference; explicitFileType = wrapper.cfbundle; includeInIndex = 0; path = "Multi-BlueUITests.xctest"; sourceTree = BUILT_PRODUCTS_DIR; };
		49AAC5D82305BFE8009B89AB /* Multi_BlueUITests.swift */ = {isa = PBXFileReference; lastKnownFileType = sourcecode.swift; path = Multi_BlueUITests.swift; sourceTree = "<group>"; };
		49AAC5DA2305BFE8009B89AB /* Info.plist */ = {isa = PBXFileReference; lastKnownFileType = text.plist.xml; path = Info.plist; sourceTree = "<group>"; };
		621ECF01A9D02B8A55DCC8EC /* Pods-Multi-Blue.release.xcconfig */ = {isa = PBXFileReference; includeInIndex = 1; lastKnownFileType = text.xcconfig; name = "Pods-Multi-Blue.release.xcconfig"; path = "Target Support Files/Pods-Multi-Blue/Pods-Multi-Blue.release.xcconfig"; sourceTree = "<group>"; };
		A4B10969BB23F12229C3F8C4 /* Pods_Multi_BlueTests.framework */ = {isa = PBXFileReference; explicitFileType = wrapper.framework; includeInIndex = 0; path = Pods_Multi_BlueTests.framework; sourceTree = BUILT_PRODUCTS_DIR; };
		A9630BA003F6CBF2312E3E45 /* Pods-Multi-BlueTests.release.xcconfig */ = {isa = PBXFileReference; includeInIndex = 1; lastKnownFileType = text.xcconfig; name = "Pods-Multi-BlueTests.release.xcconfig"; path = "Target Support Files/Pods-Multi-BlueTests/Pods-Multi-BlueTests.release.xcconfig"; sourceTree = "<group>"; };
		C3FA0755AEDB3F2AED42C857 /* Pods-Multi-Blue.debug.xcconfig */ = {isa = PBXFileReference; includeInIndex = 1; lastKnownFileType = text.xcconfig; name = "Pods-Multi-Blue.debug.xcconfig"; path = "Target Support Files/Pods-Multi-Blue/Pods-Multi-Blue.debug.xcconfig"; sourceTree = "<group>"; };
		D241F3C4D5DADD50949921B8 /* Pods_Multi_Blue.framework */ = {isa = PBXFileReference; explicitFileType = wrapper.framework; includeInIndex = 0; path = Pods_Multi_Blue.framework; sourceTree = BUILT_PRODUCTS_DIR; };
		F985433450AF3B7FF314E8BD /* Pods-Multi-BlueUITests.release.xcconfig */ = {isa = PBXFileReference; includeInIndex = 1; lastKnownFileType = text.xcconfig; name = "Pods-Multi-BlueUITests.release.xcconfig"; path = "Target Support Files/Pods-Multi-BlueUITests/Pods-Multi-BlueUITests.release.xcconfig"; sourceTree = "<group>"; };
		FB5616E3A6B50A058DC3D265 /* Pods-Multi-BlueUITests.debug.xcconfig */ = {isa = PBXFileReference; includeInIndex = 1; lastKnownFileType = text.xcconfig; name = "Pods-Multi-BlueUITests.debug.xcconfig"; path = "Target Support Files/Pods-Multi-BlueUITests/Pods-Multi-BlueUITests.debug.xcconfig"; sourceTree = "<group>"; };
/* End PBXFileReference section */

/* Begin PBXFrameworksBuildPhase section */
		49AAC5B22305BFE6009B89AB /* Frameworks */ = {
			isa = PBXFrameworksBuildPhase;
			buildActionMask = 2147483647;
			files = (
				D185CAB6D6C845E92EC7D6FD /* Pods_Multi_Blue.framework in Frameworks */,
			);
			runOnlyForDeploymentPostprocessing = 0;
		};
		49AAC5C62305BFE8009B89AB /* Frameworks */ = {
			isa = PBXFrameworksBuildPhase;
			buildActionMask = 2147483647;
			files = (
				2AAAC4626A74236FADBBC7AB /* Pods_Multi_BlueTests.framework in Frameworks */,
			);
			runOnlyForDeploymentPostprocessing = 0;
		};
		49AAC5D12305BFE8009B89AB /* Frameworks */ = {
			isa = PBXFrameworksBuildPhase;
			buildActionMask = 2147483647;
			files = (
				3DA56BB837EC04A287431A07 /* Pods_Multi_BlueUITests.framework in Frameworks */,
			);
			runOnlyForDeploymentPostprocessing = 0;
		};
/* End PBXFrameworksBuildPhase section */

/* Begin PBXGroup section */
		34B87FC51FEF3101BAD87442 /* Pods */ = {
			isa = PBXGroup;
			children = (
				C3FA0755AEDB3F2AED42C857 /* Pods-Multi-Blue.debug.xcconfig */,
				621ECF01A9D02B8A55DCC8EC /* Pods-Multi-Blue.release.xcconfig */,
				050EA3DC884431C2C6D0C401 /* Pods-Multi-BlueTests.debug.xcconfig */,
				A9630BA003F6CBF2312E3E45 /* Pods-Multi-BlueTests.release.xcconfig */,
				FB5616E3A6B50A058DC3D265 /* Pods-Multi-BlueUITests.debug.xcconfig */,
				F985433450AF3B7FF314E8BD /* Pods-Multi-BlueUITests.release.xcconfig */,
			);
			name = Pods;
			path = Pods;
			sourceTree = "<group>";
		};
		49AAC5AC2305BFE6009B89AB = {
			isa = PBXGroup;
			children = (
				49AAC5B72305BFE6009B89AB /* Multi-Blue */,
				49AAC5CC2305BFE8009B89AB /* Multi-BlueTests */,
				49AAC5D72305BFE8009B89AB /* Multi-BlueUITests */,
				49AAC5B62305BFE6009B89AB /* Products */,
				34B87FC51FEF3101BAD87442 /* Pods */,
				86B2EB7A0EDFAE33F8351D6C /* Frameworks */,
			);
			sourceTree = "<group>";
		};
		49AAC5B62305BFE6009B89AB /* Products */ = {
			isa = PBXGroup;
			children = (
				49AAC5B52305BFE6009B89AB /* Multi-Blue.app */,
				49AAC5C92305BFE8009B89AB /* Multi-BlueTests.xctest */,
				49AAC5D42305BFE8009B89AB /* Multi-BlueUITests.xctest */,
			);
			name = Products;
			sourceTree = "<group>";
		};
		49AAC5B72305BFE6009B89AB /* Multi-Blue */ = {
			isa = PBXGroup;
			children = (
				49AAC5B82305BFE6009B89AB /* AppDelegate.swift */,
				49AAC5BA2305BFE6009B89AB /* ViewController.swift */,
				49AAC5BC2305BFE6009B89AB /* Main.storyboard */,
				49AAC5BF2305BFE8009B89AB /* Assets.xcassets */,
				49AAC5C12305BFE8009B89AB /* LaunchScreen.storyboard */,
				49AAC5C42305BFE8009B89AB /* Info.plist */,
			);
			path = "Multi-Blue";
			sourceTree = "<group>";
		};
		49AAC5CC2305BFE8009B89AB /* Multi-BlueTests */ = {
			isa = PBXGroup;
			children = (
				49AAC5CD2305BFE8009B89AB /* Multi_BlueTests.swift */,
				49AAC5CF2305BFE8009B89AB /* Info.plist */,
			);
			path = "Multi-BlueTests";
			sourceTree = "<group>";
		};
		49AAC5D72305BFE8009B89AB /* Multi-BlueUITests */ = {
			isa = PBXGroup;
			children = (
				49AAC5D82305BFE8009B89AB /* Multi_BlueUITests.swift */,
				49AAC5DA2305BFE8009B89AB /* Info.plist */,
			);
			path = "Multi-BlueUITests";
			sourceTree = "<group>";
		};
		86B2EB7A0EDFAE33F8351D6C /* Frameworks */ = {
			isa = PBXGroup;
			children = (
				D241F3C4D5DADD50949921B8 /* Pods_Multi_Blue.framework */,
				A4B10969BB23F12229C3F8C4 /* Pods_Multi_BlueTests.framework */,
				27257557E458973A91316704 /* Pods_Multi_BlueUITests.framework */,
			);
			name = Frameworks;
			sourceTree = "<group>";
		};
/* End PBXGroup section */

/* Begin PBXNativeTarget section */
		49AAC5B42305BFE6009B89AB /* Multi-Blue */ = {
			isa = PBXNativeTarget;
			buildConfigurationList = 49AAC5DD2305BFE8009B89AB /* Build configuration list for PBXNativeTarget "Multi-Blue" */;
			buildPhases = (
				7BA4C71B00AA512ED5051156 /* [CP] Check Pods Manifest.lock */,
				49AAC5B12305BFE6009B89AB /* Sources */,
				49AAC5B22305BFE6009B89AB /* Frameworks */,
				49AAC5B32305BFE6009B89AB /* Resources */,
			);
			buildRules = (
			);
			dependencies = (
			);
			name = "Multi-Blue";
			productName = "Multi-Blue";
			productReference = 49AAC5B52305BFE6009B89AB /* Multi-Blue.app */;
			productType = "com.apple.product-type.application";
		};
		49AAC5C82305BFE8009B89AB /* Multi-BlueTests */ = {
			isa = PBXNativeTarget;
			buildConfigurationList = 49AAC5E02305BFE8009B89AB /* Build configuration list for PBXNativeTarget "Multi-BlueTests" */;
			buildPhases = (
				EC3A3B15E45D41FFBD2C1701 /* [CP] Check Pods Manifest.lock */,
				49AAC5C52305BFE8009B89AB /* Sources */,
				49AAC5C62305BFE8009B89AB /* Frameworks */,
				49AAC5C72305BFE8009B89AB /* Resources */,
			);
			buildRules = (
			);
			dependencies = (
				49AAC5CB2305BFE8009B89AB /* PBXTargetDependency */,
			);
			name = "Multi-BlueTests";
			productName = "Multi-BlueTests";
			productReference = 49AAC5C92305BFE8009B89AB /* Multi-BlueTests.xctest */;
			productType = "com.apple.product-type.bundle.unit-test";
		};
		49AAC5D32305BFE8009B89AB /* Multi-BlueUITests */ = {
			isa = PBXNativeTarget;
			buildConfigurationList = 49AAC5E32305BFE8009B89AB /* Build configuration list for PBXNativeTarget "Multi-BlueUITests" */;
			buildPhases = (
				031C82EEFDF5E608042B0CC9 /* [CP] Check Pods Manifest.lock */,
				49AAC5D02305BFE8009B89AB /* Sources */,
				49AAC5D12305BFE8009B89AB /* Frameworks */,
				49AAC5D22305BFE8009B89AB /* Resources */,
			);
			buildRules = (
			);
			dependencies = (
				49AAC5D62305BFE8009B89AB /* PBXTargetDependency */,
			);
			name = "Multi-BlueUITests";
			productName = "Multi-BlueUITests";
			productReference = 49AAC5D42305BFE8009B89AB /* Multi-BlueUITests.xctest */;
			productType = "com.apple.product-type.bundle.ui-testing";
		};
/* End PBXNativeTarget section */

/* Begin PBXProject section */
		49AAC5AD2305BFE6009B89AB /* Project object */ = {
			isa = PBXProject;
			attributes = {
				LastSwiftUpdateCheck = 1020;
				LastUpgradeCheck = 1020;
				ORGANIZATIONNAME = "Andrew Reed";
				TargetAttributes = {
					49AAC5B42305BFE6009B89AB = {
						CreatedOnToolsVersion = 10.2;
					};
					49AAC5C82305BFE8009B89AB = {
						CreatedOnToolsVersion = 10.2;
						TestTargetID = 49AAC5B42305BFE6009B89AB;
					};
					49AAC5D32305BFE8009B89AB = {
						CreatedOnToolsVersion = 10.2;
						TestTargetID = 49AAC5B42305BFE6009B89AB;
					};
				};
			};
			buildConfigurationList = 49AAC5B02305BFE6009B89AB /* Build configuration list for PBXProject "Multi-Blue" */;
			compatibilityVersion = "Xcode 9.3";
			developmentRegion = en;
			hasScannedForEncodings = 0;
			knownRegions = (
				en,
				Base,
			);
			mainGroup = 49AAC5AC2305BFE6009B89AB;
			productRefGroup = 49AAC5B62305BFE6009B89AB /* Products */;
			projectDirPath = "";
			projectRoot = "";
			targets = (
				49AAC5B42305BFE6009B89AB /* Multi-Blue */,
				49AAC5C82305BFE8009B89AB /* Multi-BlueTests */,
				49AAC5D32305BFE8009B89AB /* Multi-BlueUITests */,
			);
		};
/* End PBXProject section */

/* Begin PBXResourcesBuildPhase section */
		49AAC5B32305BFE6009B89AB /* Resources */ = {
			isa = PBXResourcesBuildPhase;
			buildActionMask = 2147483647;
			files = (
				49AAC5C32305BFE8009B89AB /* LaunchScreen.storyboard in Resources */,
				49AAC5C02305BFE8009B89AB /* Assets.xcassets in Resources */,
				49AAC5BE2305BFE6009B89AB /* Main.storyboard in Resources */,
			);
			runOnlyForDeploymentPostprocessing = 0;
		};
		49AAC5C72305BFE8009B89AB /* Resources */ = {
			isa = PBXResourcesBuildPhase;
			buildActionMask = 2147483647;
			files = (
			);
			runOnlyForDeploymentPostprocessing = 0;
		};
		49AAC5D22305BFE8009B89AB /* Resources */ = {
			isa = PBXResourcesBuildPhase;
			buildActionMask = 2147483647;
			files = (
			);
			runOnlyForDeploymentPostprocessing = 0;
		};
/* End PBXResourcesBuildPhase section */

/* Begin PBXShellScriptBuildPhase section */
		031C82EEFDF5E608042B0CC9 /* [CP] Check Pods Manifest.lock */ = {
			isa = PBXShellScriptBuildPhase;
			buildActionMask = 2147483647;
			files = (
			);
			inputFileListPaths = (
			);
			inputPaths = (
				"${PODS_PODFILE_DIR_PATH}/Podfile.lock",
				"${PODS_ROOT}/Manifest.lock",
			);
			name = "[CP] Check Pods Manifest.lock";
			outputFileListPaths = (
			);
			outputPaths = (
				"$(DERIVED_FILE_DIR)/Pods-Multi-BlueUITests-checkManifestLockResult.txt",
			);
			runOnlyForDeploymentPostprocessing = 0;
			shellPath = /bin/sh;
			shellScript = "diff \"${PODS_PODFILE_DIR_PATH}/Podfile.lock\" \"${PODS_ROOT}/Manifest.lock\" > /dev/null\nif [ $? != 0 ] ; then\n    # print error to STDERR\n    echo \"error: The sandbox is not in sync with the Podfile.lock. Run 'pod install' or update your CocoaPods installation.\" >&2\n    exit 1\nfi\n# This output is used by Xcode 'outputs' to avoid re-running this script phase.\necho \"SUCCESS\" > \"${SCRIPT_OUTPUT_FILE_0}\"\n";
			showEnvVarsInLog = 0;
		};
		7BA4C71B00AA512ED5051156 /* [CP] Check Pods Manifest.lock */ = {
			isa = PBXShellScriptBuildPhase;
			buildActionMask = 2147483647;
			files = (
			);
			inputFileListPaths = (
			);
			inputPaths = (
				"${PODS_PODFILE_DIR_PATH}/Podfile.lock",
				"${PODS_ROOT}/Manifest.lock",
			);
			name = "[CP] Check Pods Manifest.lock";
			outputFileListPaths = (
			);
			outputPaths = (
				"$(DERIVED_FILE_DIR)/Pods-Multi-Blue-checkManifestLockResult.txt",
			);
			runOnlyForDeploymentPostprocessing = 0;
			shellPath = /bin/sh;
			shellScript = "diff \"${PODS_PODFILE_DIR_PATH}/Podfile.lock\" \"${PODS_ROOT}/Manifest.lock\" > /dev/null\nif [ $? != 0 ] ; then\n    # print error to STDERR\n    echo \"error: The sandbox is not in sync with the Podfile.lock. Run 'pod install' or update your CocoaPods installation.\" >&2\n    exit 1\nfi\n# This output is used by Xcode 'outputs' to avoid re-running this script phase.\necho \"SUCCESS\" > \"${SCRIPT_OUTPUT_FILE_0}\"\n";
			showEnvVarsInLog = 0;
		};
		EC3A3B15E45D41FFBD2C1701 /* [CP] Check Pods Manifest.lock */ = {
			isa = PBXShellScriptBuildPhase;
			buildActionMask = 2147483647;
			files = (
			);
			inputFileListPaths = (
			);
			inputPaths = (
				"${PODS_PODFILE_DIR_PATH}/Podfile.lock",
				"${PODS_ROOT}/Manifest.lock",
			);
			name = "[CP] Check Pods Manifest.lock";
			outputFileListPaths = (
			);
			outputPaths = (
				"$(DERIVED_FILE_DIR)/Pods-Multi-BlueTests-checkManifestLockResult.txt",
			);
			runOnlyForDeploymentPostprocessing = 0;
			shellPath = /bin/sh;
			shellScript = "diff \"${PODS_PODFILE_DIR_PATH}/Podfile.lock\" \"${PODS_ROOT}/Manifest.lock\" > /dev/null\nif [ $? != 0 ] ; then\n    # print error to STDERR\n    echo \"error: The sandbox is not in sync with the Podfile.lock. Run 'pod install' or update your CocoaPods installation.\" >&2\n    exit 1\nfi\n# This output is used by Xcode 'outputs' to avoid re-running this script phase.\necho \"SUCCESS\" > \"${SCRIPT_OUTPUT_FILE_0}\"\n";
			showEnvVarsInLog = 0;
		};
/* End PBXShellScriptBuildPhase section */

/* Begin PBXSourcesBuildPhase section */
		49AAC5B12305BFE6009B89AB /* Sources */ = {
			isa = PBXSourcesBuildPhase;
			buildActionMask = 2147483647;
			files = (
				49AAC5BB2305BFE6009B89AB /* ViewController.swift in Sources */,
				49AAC5B92305BFE6009B89AB /* AppDelegate.swift in Sources */,
			);
			runOnlyForDeploymentPostprocessing = 0;
		};
		49AAC5C52305BFE8009B89AB /* Sources */ = {
			isa = PBXSourcesBuildPhase;
			buildActionMask = 2147483647;
			files = (
				49AAC5CE2305BFE8009B89AB /* Multi_BlueTests.swift in Sources */,
			);
			runOnlyForDeploymentPostprocessing = 0;
		};
		49AAC5D02305BFE8009B89AB /* Sources */ = {
			isa = PBXSourcesBuildPhase;
			buildActionMask = 2147483647;
			files = (
				49AAC5D92305BFE8009B89AB /* Multi_BlueUITests.swift in Sources */,
			);
			runOnlyForDeploymentPostprocessing = 0;
		};
/* End PBXSourcesBuildPhase section */

/* Begin PBXTargetDependency section */
		49AAC5CB2305BFE8009B89AB /* PBXTargetDependency */ = {
			isa = PBXTargetDependency;
			target = 49AAC5B42305BFE6009B89AB /* Multi-Blue */;
			targetProxy = 49AAC5CA2305BFE8009B89AB /* PBXContainerItemProxy */;
		};
		49AAC5D62305BFE8009B89AB /* PBXTargetDependency */ = {
			isa = PBXTargetDependency;
			target = 49AAC5B42305BFE6009B89AB /* Multi-Blue */;
			targetProxy = 49AAC5D52305BFE8009B89AB /* PBXContainerItemProxy */;
		};
/* End PBXTargetDependency section */

/* Begin PBXVariantGroup section */
		49AAC5BC2305BFE6009B89AB /* Main.storyboard */ = {
			isa = PBXVariantGroup;
			children = (
				49AAC5BD2305BFE6009B89AB /* Base */,
			);
			name = Main.storyboard;
			sourceTree = "<group>";
		};
		49AAC5C12305BFE8009B89AB /* LaunchScreen.storyboard */ = {
			isa = PBXVariantGroup;
			children = (
				49AAC5C22305BFE8009B89AB /* Base */,
			);
			name = LaunchScreen.storyboard;
			sourceTree = "<group>";
		};
/* End PBXVariantGroup section */

/* Begin XCBuildConfiguration section */
		49AAC5DB2305BFE8009B89AB /* Debug */ = {
			isa = XCBuildConfiguration;
			buildSettings = {
				ALWAYS_SEARCH_USER_PATHS = NO;
				CLANG_ANALYZER_NONNULL = YES;
				CLANG_ANALYZER_NUMBER_OBJECT_CONVERSION = YES_AGGRESSIVE;
				CLANG_CXX_LANGUAGE_STANDARD = "gnu++14";
				CLANG_CXX_LIBRARY = "libc++";
				CLANG_ENABLE_MODULES = YES;
				CLANG_ENABLE_OBJC_ARC = YES;
				CLANG_ENABLE_OBJC_WEAK = YES;
				CLANG_WARN_BLOCK_CAPTURE_AUTORELEASING = YES;
				CLANG_WARN_BOOL_CONVERSION = YES;
				CLANG_WARN_COMMA = YES;
				CLANG_WARN_CONSTANT_CONVERSION = YES;
				CLANG_WARN_DEPRECATED_OBJC_IMPLEMENTATIONS = YES;
				CLANG_WARN_DIRECT_OBJC_ISA_USAGE = YES_ERROR;
				CLANG_WARN_DOCUMENTATION_COMMENTS = YES;
				CLANG_WARN_EMPTY_BODY = YES;
				CLANG_WARN_ENUM_CONVERSION = YES;
				CLANG_WARN_INFINITE_RECURSION = YES;
				CLANG_WARN_INT_CONVERSION = YES;
				CLANG_WARN_NON_LITERAL_NULL_CONVERSION = YES;
				CLANG_WARN_OBJC_IMPLICIT_RETAIN_SELF = YES;
				CLANG_WARN_OBJC_LITERAL_CONVERSION = YES;
				CLANG_WARN_OBJC_ROOT_CLASS = YES_ERROR;
				CLANG_WARN_RANGE_LOOP_ANALYSIS = YES;
				CLANG_WARN_STRICT_PROTOTYPES = YES;
				CLANG_WARN_SUSPICIOUS_MOVE = YES;
				CLANG_WARN_UNGUARDED_AVAILABILITY = YES_AGGRESSIVE;
				CLANG_WARN_UNREACHABLE_CODE = YES;
				CLANG_WARN__DUPLICATE_METHOD_MATCH = YES;
				CODE_SIGN_IDENTITY = "iPhone Developer";
				COPY_PHASE_STRIP = NO;
				DEBUG_INFORMATION_FORMAT = dwarf;
				ENABLE_STRICT_OBJC_MSGSEND = YES;
				ENABLE_TESTABILITY = YES;
				GCC_C_LANGUAGE_STANDARD = gnu11;
				GCC_DYNAMIC_NO_PIC = NO;
				GCC_NO_COMMON_BLOCKS = YES;
				GCC_OPTIMIZATION_LEVEL = 0;
				GCC_PREPROCESSOR_DEFINITIONS = (
					"DEBUG=1",
					"$(inherited)",
				);
				GCC_WARN_64_TO_32_BIT_CONVERSION = YES;
				GCC_WARN_ABOUT_RETURN_TYPE = YES_ERROR;
				GCC_WARN_UNDECLARED_SELECTOR = YES;
				GCC_WARN_UNINITIALIZED_AUTOS = YES_AGGRESSIVE;
				GCC_WARN_UNUSED_FUNCTION = YES;
				GCC_WARN_UNUSED_VARIABLE = YES;
				IPHONEOS_DEPLOYMENT_TARGET = 12.2;
				MTL_ENABLE_DEBUG_INFO = INCLUDE_SOURCE;
				MTL_FAST_MATH = YES;
				ONLY_ACTIVE_ARCH = YES;
				SDKROOT = iphoneos;
				SWIFT_ACTIVE_COMPILATION_CONDITIONS = DEBUG;
				SWIFT_OPTIMIZATION_LEVEL = "-Onone";
			};
			name = Debug;
		};
		49AAC5DC2305BFE8009B89AB /* Release */ = {
			isa = XCBuildConfiguration;
			buildSettings = {
				ALWAYS_SEARCH_USER_PATHS = NO;
				CLANG_ANALYZER_NONNULL = YES;
				CLANG_ANALYZER_NUMBER_OBJECT_CONVERSION = YES_AGGRESSIVE;
				CLANG_CXX_LANGUAGE_STANDARD = "gnu++14";
				CLANG_CXX_LIBRARY = "libc++";
				CLANG_ENABLE_MODULES = YES;
				CLANG_ENABLE_OBJC_ARC = YES;
				CLANG_ENABLE_OBJC_WEAK = YES;
				CLANG_WARN_BLOCK_CAPTURE_AUTORELEASING = YES;
				CLANG_WARN_BOOL_CONVERSION = YES;
				CLANG_WARN_COMMA = YES;
				CLANG_WARN_CONSTANT_CONVERSION = YES;
				CLANG_WARN_DEPRECATED_OBJC_IMPLEMENTATIONS = YES;
				CLANG_WARN_DIRECT_OBJC_ISA_USAGE = YES_ERROR;
				CLANG_WARN_DOCUMENTATION_COMMENTS = YES;
				CLANG_WARN_EMPTY_BODY = YES;
				CLANG_WARN_ENUM_CONVERSION = YES;
				CLANG_WARN_INFINITE_RECURSION = YES;
				CLANG_WARN_INT_CONVERSION = YES;
				CLANG_WARN_NON_LITERAL_NULL_CONVERSION = YES;
				CLANG_WARN_OBJC_IMPLICIT_RETAIN_SELF = YES;
				CLANG_WARN_OBJC_LITERAL_CONVERSION = YES;
				CLANG_WARN_OBJC_ROOT_CLASS = YES_ERROR;
				CLANG_WARN_RANGE_LOOP_ANALYSIS = YES;
				CLANG_WARN_STRICT_PROTOTYPES = YES;
				CLANG_WARN_SUSPICIOUS_MOVE = YES;
				CLANG_WARN_UNGUARDED_AVAILABILITY = YES_AGGRESSIVE;
				CLANG_WARN_UNREACHABLE_CODE = YES;
				CLANG_WARN__DUPLICATE_METHOD_MATCH = YES;
				CODE_SIGN_IDENTITY = "iPhone Developer";
				COPY_PHASE_STRIP = NO;
				DEBUG_INFORMATION_FORMAT = "dwarf-with-dsym";
				ENABLE_NS_ASSERTIONS = NO;
				ENABLE_STRICT_OBJC_MSGSEND = YES;
				GCC_C_LANGUAGE_STANDARD = gnu11;
				GCC_NO_COMMON_BLOCKS = YES;
				GCC_WARN_64_TO_32_BIT_CONVERSION = YES;
				GCC_WARN_ABOUT_RETURN_TYPE = YES_ERROR;
				GCC_WARN_UNDECLARED_SELECTOR = YES;
				GCC_WARN_UNINITIALIZED_AUTOS = YES_AGGRESSIVE;
				GCC_WARN_UNUSED_FUNCTION = YES;
				GCC_WARN_UNUSED_VARIABLE = YES;
				IPHONEOS_DEPLOYMENT_TARGET = 12.2;
				MTL_ENABLE_DEBUG_INFO = NO;
				MTL_FAST_MATH = YES;
				SDKROOT = iphoneos;
				SWIFT_COMPILATION_MODE = wholemodule;
				SWIFT_OPTIMIZATION_LEVEL = "-O";
				VALIDATE_PRODUCT = YES;
			};
			name = Release;
		};
		49AAC5DE2305BFE8009B89AB /* Debug */ = {
			isa = XCBuildConfiguration;
			baseConfigurationReference = C3FA0755AEDB3F2AED42C857 /* Pods-Multi-Blue.debug.xcconfig */;
			buildSettings = {
				ASSETCATALOG_COMPILER_APPICON_NAME = AppIcon;
				CODE_SIGN_STYLE = Automatic;
				INFOPLIST_FILE = "Multi-Blue/Info.plist";
				LD_RUNPATH_SEARCH_PATHS = (
					"$(inherited)",
					"@executable_path/Frameworks",
				);
				PRODUCT_BUNDLE_IDENTIFIER = "uk.co.andrewreed.Multi-Blue";
				PRODUCT_NAME = "$(TARGET_NAME)";
				SWIFT_VERSION = 5.0;
				TARGETED_DEVICE_FAMILY = "1,2";
			};
			name = Debug;
		};
		49AAC5DF2305BFE8009B89AB /* Release */ = {
			isa = XCBuildConfiguration;
			baseConfigurationReference = 621ECF01A9D02B8A55DCC8EC /* Pods-Multi-Blue.release.xcconfig */;
			buildSettings = {
				ASSETCATALOG_COMPILER_APPICON_NAME = AppIcon;
				CODE_SIGN_STYLE = Automatic;
				INFOPLIST_FILE = "Multi-Blue/Info.plist";
				LD_RUNPATH_SEARCH_PATHS = (
					"$(inherited)",
					"@executable_path/Frameworks",
				);
				PRODUCT_BUNDLE_IDENTIFIER = "uk.co.andrewreed.Multi-Blue";
				PRODUCT_NAME = "$(TARGET_NAME)";
				SWIFT_VERSION = 5.0;
				TARGETED_DEVICE_FAMILY = "1,2";
			};
			name = Release;
		};
		49AAC5E12305BFE8009B89AB /* Debug */ = {
			isa = XCBuildConfiguration;
			baseConfigurationReference = 050EA3DC884431C2C6D0C401 /* Pods-Multi-BlueTests.debug.xcconfig */;
			buildSettings = {
				ALWAYS_EMBED_SWIFT_STANDARD_LIBRARIES = YES;
				BUNDLE_LOADER = "$(TEST_HOST)";
				CODE_SIGN_STYLE = Automatic;
				INFOPLIST_FILE = "Multi-BlueTests/Info.plist";
				LD_RUNPATH_SEARCH_PATHS = (
					"$(inherited)",
					"@executable_path/Frameworks",
					"@loader_path/Frameworks",
				);
				PRODUCT_BUNDLE_IDENTIFIER = "uk.co.andrewreed.Multi-BlueTests";
				PRODUCT_NAME = "$(TARGET_NAME)";
				SWIFT_VERSION = 5.0;
				TARGETED_DEVICE_FAMILY = "1,2";
				TEST_HOST = "$(BUILT_PRODUCTS_DIR)/Multi-Blue.app/Multi-Blue";
			};
			name = Debug;
		};
		49AAC5E22305BFE8009B89AB /* Release */ = {
			isa = XCBuildConfiguration;
			baseConfigurationReference = A9630BA003F6CBF2312E3E45 /* Pods-Multi-BlueTests.release.xcconfig */;
			buildSettings = {
				ALWAYS_EMBED_SWIFT_STANDARD_LIBRARIES = YES;
				BUNDLE_LOADER = "$(TEST_HOST)";
				CODE_SIGN_STYLE = Automatic;
				INFOPLIST_FILE = "Multi-BlueTests/Info.plist";
				LD_RUNPATH_SEARCH_PATHS = (
					"$(inherited)",
					"@executable_path/Frameworks",
					"@loader_path/Frameworks",
				);
				PRODUCT_BUNDLE_IDENTIFIER = "uk.co.andrewreed.Multi-BlueTests";
				PRODUCT_NAME = "$(TARGET_NAME)";
				SWIFT_VERSION = 5.0;
				TARGETED_DEVICE_FAMILY = "1,2";
				TEST_HOST = "$(BUILT_PRODUCTS_DIR)/Multi-Blue.app/Multi-Blue";
			};
			name = Release;
		};
		49AAC5E42305BFE8009B89AB /* Debug */ = {
			isa = XCBuildConfiguration;
			baseConfigurationReference = FB5616E3A6B50A058DC3D265 /* Pods-Multi-BlueUITests.debug.xcconfig */;
			buildSettings = {
				ALWAYS_EMBED_SWIFT_STANDARD_LIBRARIES = YES;
				CODE_SIGN_STYLE = Automatic;
				INFOPLIST_FILE = "Multi-BlueUITests/Info.plist";
				LD_RUNPATH_SEARCH_PATHS = (
					"$(inherited)",
					"@executable_path/Frameworks",
					"@loader_path/Frameworks",
				);
				PRODUCT_BUNDLE_IDENTIFIER = "uk.co.andrewreed.Multi-BlueUITests";
				PRODUCT_NAME = "$(TARGET_NAME)";
				SWIFT_VERSION = 5.0;
				TARGETED_DEVICE_FAMILY = "1,2";
				TEST_TARGET_NAME = "Multi-Blue";
			};
			name = Debug;
		};
		49AAC5E52305BFE8009B89AB /* Release */ = {
			isa = XCBuildConfiguration;
			baseConfigurationReference = F985433450AF3B7FF314E8BD /* Pods-Multi-BlueUITests.release.xcconfig */;
			buildSettings = {
				ALWAYS_EMBED_SWIFT_STANDARD_LIBRARIES = YES;
				CODE_SIGN_STYLE = Automatic;
				INFOPLIST_FILE = "Multi-BlueUITests/Info.plist";
				LD_RUNPATH_SEARCH_PATHS = (
					"$(inherited)",
					"@executable_path/Frameworks",
					"@loader_path/Frameworks",
				);
				PRODUCT_BUNDLE_IDENTIFIER = "uk.co.andrewreed.Multi-BlueUITests";
				PRODUCT_NAME = "$(TARGET_NAME)";
				SWIFT_VERSION = 5.0;
				TARGETED_DEVICE_FAMILY = "1,2";
				TEST_TARGET_NAME = "Multi-Blue";
			};
			name = Release;
		};
/* End XCBuildConfiguration section */

/* Begin XCConfigurationList section */
		49AAC5B02305BFE6009B89AB /* Build configuration list for PBXProject "Multi-Blue" */ = {
			isa = XCConfigurationList;
			buildConfigurations = (
				49AAC5DB2305BFE8009B89AB /* Debug */,
				49AAC5DC2305BFE8009B89AB /* Release */,
			);
			defaultConfigurationIsVisible = 0;
			defaultConfigurationName = Release;
		};
		49AAC5DD2305BFE8009B89AB /* Build configuration list for PBXNativeTarget "Multi-Blue" */ = {
			isa = XCConfigurationList;
			buildConfigurations = (
				49AAC5DE2305BFE8009B89AB /* Debug */,
				49AAC5DF2305BFE8009B89AB /* Release */,
			);
			defaultConfigurationIsVisible = 0;
			defaultConfigurationName = Release;
		};
		49AAC5E02305BFE8009B89AB /* Build configuration list for PBXNativeTarget "Multi-BlueTests" */ = {
			isa = XCConfigurationList;
			buildConfigurations = (
				49AAC5E12305BFE8009B89AB /* Debug */,
				49AAC5E22305BFE8009B89AB /* Release */,
			);
			defaultConfigurationIsVisible = 0;
			defaultConfigurationName = Release;
		};
		49AAC5E32305BFE8009B89AB /* Build configuration list for PBXNativeTarget "Multi-BlueUITests" */ = {
			isa = XCConfigurationList;
			buildConfigurations = (
				49AAC5E42305BFE8009B89AB /* Debug */,
				49AAC5E52305BFE8009B89AB /* Release */,
			);
			defaultConfigurationIsVisible = 0;
			defaultConfigurationName = Release;
		};
/* End XCConfigurationList section */
	};
	rootObject = 49AAC5AD2305BFE6009B89AB /* Project object */;
}
