// !$*UTF8*$!
{
	archiveVersion = 1;
	classes = {
	};
	objectVersion = 50;
	objects = {

/* Begin PBXBuildFile section */
		493EC04E25E82255009E1801 /* BlueFalcon.framework in Frameworks */ = {isa = PBXBuildFile; fileRef = 493EC04D25E82255009E1801 /* BlueFalcon.framework */; };
		493EC04F25E82255009E1801 /* BlueFalcon.framework in Embed Frameworks */ = {isa = PBXBuildFile; fileRef = 493EC04D25E82255009E1801 /* BlueFalcon.framework */; settings = {ATTRIBUTES = (CodeSignOnCopy, RemoveHeadersOnCopy, ); }; };
		49C7690825E45E0E004B8D3C /* AppDelegate.swift in Sources */ = {isa = PBXBuildFile; fileRef = 49C7690725E45E0E004B8D3C /* AppDelegate.swift */; };
		49C7690F25E45E0F004B8D3C /* Preview Assets.xcassets in Resources */ = {isa = PBXBuildFile; fileRef = 49C7690E25E45E0F004B8D3C /* Preview Assets.xcassets */; };
		49C7691225E45E0F004B8D3C /* Main.storyboard in Resources */ = {isa = PBXBuildFile; fileRef = 49C7691025E45E0F004B8D3C /* Main.storyboard */; };
		49C7693825E45E7E004B8D3C /* Strings.swift in Sources */ = {isa = PBXBuildFile; fileRef = 49C7691C25E45E7E004B8D3C /* Strings.swift */; };
		49C7693925E45E7E004B8D3C /* Assets.xcassets in Resources */ = {isa = PBXBuildFile; fileRef = 49C7691D25E45E7E004B8D3C /* Assets.xcassets */; };
		49C7693A25E45E7E004B8D3C /* DeviceCharacteristicCell.swift in Sources */ = {isa = PBXBuildFile; fileRef = 49C7691F25E45E7E004B8D3C /* DeviceCharacteristicCell.swift */; };
		49C7693B25E45E7E004B8D3C /* DevicesViewCell.swift in Sources */ = {isa = PBXBuildFile; fileRef = 49C7692125E45E7E004B8D3C /* DevicesViewCell.swift */; };
		49C7693C25E45E7E004B8D3C /* ActivityIndicator.swift in Sources */ = {isa = PBXBuildFile; fileRef = 49C7692225E45E7E004B8D3C /* ActivityIndicator.swift */; };
		49C7693D25E45E7E004B8D3C /* DeviceView.swift in Sources */ = {isa = PBXBuildFile; fileRef = 49C7692325E45E7E004B8D3C /* DeviceView.swift */; };
		49C7693E25E45E7E004B8D3C /* DevicesView.swift in Sources */ = {isa = PBXBuildFile; fileRef = 49C7692425E45E7E004B8D3C /* DevicesView.swift */; };
		49C7693F25E45E7E004B8D3C /* DeviceServiceView.swift in Sources */ = {isa = PBXBuildFile; fileRef = 49C7692525E45E7E004B8D3C /* DeviceServiceView.swift */; };
		49C7694025E45E7E004B8D3C /* DeviceServiceCellViewModel.swift in Sources */ = {isa = PBXBuildFile; fileRef = 49C7692725E45E7E004B8D3C /* DeviceServiceCellViewModel.swift */; };
		49C7694125E45E7E004B8D3C /* DeviceCharacteristicCellViewModel.swift in Sources */ = {isa = PBXBuildFile; fileRef = 49C7692825E45E7E004B8D3C /* DeviceCharacteristicCellViewModel.swift */; };
		49C7694225E45E7E004B8D3C /* DeviceServiceViewModel.swift in Sources */ = {isa = PBXBuildFile; fileRef = 49C7692925E45E7E004B8D3C /* DeviceServiceViewModel.swift */; };
		49C7694325E45E7E004B8D3C /* DevicesViewModel.swift in Sources */ = {isa = PBXBuildFile; fileRef = 49C7692A25E45E7E004B8D3C /* DevicesViewModel.swift */; };
		49C7694425E45E7E004B8D3C /* DevicesCellViewModel.swift in Sources */ = {isa = PBXBuildFile; fileRef = 49C7692B25E45E7E004B8D3C /* DevicesCellViewModel.swift */; };
		49C7694525E45E7E004B8D3C /* DeviceViewModel.swift in Sources */ = {isa = PBXBuildFile; fileRef = 49C7692C25E45E7E004B8D3C /* DeviceViewModel.swift */; };
		49C7694625E45E7E004B8D3C /* BluetoothConnectionState.swift in Sources */ = {isa = PBXBuildFile; fileRef = 49C7692E25E45E7E004B8D3C /* BluetoothConnectionState.swift */; };
		49C7694725E45E7E004B8D3C /* Descriptor.swift in Sources */ = {isa = PBXBuildFile; fileRef = 49C7692F25E45E7E004B8D3C /* Descriptor.swift */; };
		49C7694825E45E7E004B8D3C /* BluetoothScanningState.swift in Sources */ = {isa = PBXBuildFile; fileRef = 49C7693025E45E7E004B8D3C /* BluetoothScanningState.swift */; };
		49C7694925E45E7E004B8D3C /* BluetoothService.swift in Sources */ = {isa = PBXBuildFile; fileRef = 49C7693225E45E7E004B8D3C /* BluetoothService.swift */; };
/* End PBXBuildFile section */

/* Begin PBXCopyFilesBuildPhase section */
		49EB976725E6E46F00B3BA62 /* Embed Frameworks */ = {
			isa = PBXCopyFilesBuildPhase;
			buildActionMask = 2147483647;
			dstPath = "";
			dstSubfolderSpec = 10;
			files = (
				493EC04F25E82255009E1801 /* BlueFalcon.framework in Embed Frameworks */,
			);
			name = "Embed Frameworks";
			runOnlyForDeploymentPostprocessing = 0;
		};
/* End PBXCopyFilesBuildPhase section */

/* Begin PBXFileReference section */
		493EC04D25E82255009E1801 /* BlueFalcon.framework */ = {isa = PBXFileReference; lastKnownFileType = wrapper.framework; name = BlueFalcon.framework; path = ../../Library/build/bin/macosX64/debugFramework/BlueFalcon.framework; sourceTree = "<group>"; };
		49C7690425E45E0E004B8D3C /* MacOS-Example.app */ = {isa = PBXFileReference; explicitFileType = wrapper.application; includeInIndex = 0; path = "MacOS-Example.app"; sourceTree = BUILT_PRODUCTS_DIR; };
		49C7690725E45E0E004B8D3C /* AppDelegate.swift */ = {isa = PBXFileReference; lastKnownFileType = sourcecode.swift; path = AppDelegate.swift; sourceTree = "<group>"; };
		49C7690E25E45E0F004B8D3C /* Preview Assets.xcassets */ = {isa = PBXFileReference; lastKnownFileType = folder.assetcatalog; path = "Preview Assets.xcassets"; sourceTree = "<group>"; };
		49C7691125E45E0F004B8D3C /* Base */ = {isa = PBXFileReference; lastKnownFileType = file.storyboard; name = Base; path = Base.lproj/Main.storyboard; sourceTree = "<group>"; };
		49C7691325E45E0F004B8D3C /* Info.plist */ = {isa = PBXFileReference; lastKnownFileType = text.plist.xml; path = Info.plist; sourceTree = "<group>"; };
		49C7691425E45E0F004B8D3C /* MacOS_Example.entitlements */ = {isa = PBXFileReference; lastKnownFileType = text.plist.entitlements; path = MacOS_Example.entitlements; sourceTree = "<group>"; };
		49C7691C25E45E7E004B8D3C /* Strings.swift */ = {isa = PBXFileReference; fileEncoding = 4; lastKnownFileType = sourcecode.swift; path = Strings.swift; sourceTree = "<group>"; };
		49C7691D25E45E7E004B8D3C /* Assets.xcassets */ = {isa = PBXFileReference; lastKnownFileType = folder.assetcatalog; path = Assets.xcassets; sourceTree = "<group>"; };
		49C7691F25E45E7E004B8D3C /* DeviceCharacteristicCell.swift */ = {isa = PBXFileReference; fileEncoding = 4; lastKnownFileType = sourcecode.swift; path = DeviceCharacteristicCell.swift; sourceTree = "<group>"; };
		49C7692125E45E7E004B8D3C /* DevicesViewCell.swift */ = {isa = PBXFileReference; fileEncoding = 4; lastKnownFileType = sourcecode.swift; path = DevicesViewCell.swift; sourceTree = "<group>"; };
		49C7692225E45E7E004B8D3C /* ActivityIndicator.swift */ = {isa = PBXFileReference; fileEncoding = 4; lastKnownFileType = sourcecode.swift; path = ActivityIndicator.swift; sourceTree = "<group>"; };
		49C7692325E45E7E004B8D3C /* DeviceView.swift */ = {isa = PBXFileReference; fileEncoding = 4; lastKnownFileType = sourcecode.swift; path = DeviceView.swift; sourceTree = "<group>"; };
		49C7692425E45E7E004B8D3C /* DevicesView.swift */ = {isa = PBXFileReference; fileEncoding = 4; lastKnownFileType = sourcecode.swift; path = DevicesView.swift; sourceTree = "<group>"; };
		49C7692525E45E7E004B8D3C /* DeviceServiceView.swift */ = {isa = PBXFileReference; fileEncoding = 4; lastKnownFileType = sourcecode.swift; path = DeviceServiceView.swift; sourceTree = "<group>"; };
		49C7692725E45E7E004B8D3C /* DeviceServiceCellViewModel.swift */ = {isa = PBXFileReference; fileEncoding = 4; lastKnownFileType = sourcecode.swift; path = DeviceServiceCellViewModel.swift; sourceTree = "<group>"; };
		49C7692825E45E7E004B8D3C /* DeviceCharacteristicCellViewModel.swift */ = {isa = PBXFileReference; fileEncoding = 4; lastKnownFileType = sourcecode.swift; path = DeviceCharacteristicCellViewModel.swift; sourceTree = "<group>"; };
		49C7692925E45E7E004B8D3C /* DeviceServiceViewModel.swift */ = {isa = PBXFileReference; fileEncoding = 4; lastKnownFileType = sourcecode.swift; path = DeviceServiceViewModel.swift; sourceTree = "<group>"; };
		49C7692A25E45E7E004B8D3C /* DevicesViewModel.swift */ = {isa = PBXFileReference; fileEncoding = 4; lastKnownFileType = sourcecode.swift; path = DevicesViewModel.swift; sourceTree = "<group>"; };
		49C7692B25E45E7E004B8D3C /* DevicesCellViewModel.swift */ = {isa = PBXFileReference; fileEncoding = 4; lastKnownFileType = sourcecode.swift; path = DevicesCellViewModel.swift; sourceTree = "<group>"; };
		49C7692C25E45E7E004B8D3C /* DeviceViewModel.swift */ = {isa = PBXFileReference; fileEncoding = 4; lastKnownFileType = sourcecode.swift; path = DeviceViewModel.swift; sourceTree = "<group>"; };
		49C7692E25E45E7E004B8D3C /* BluetoothConnectionState.swift */ = {isa = PBXFileReference; fileEncoding = 4; lastKnownFileType = sourcecode.swift; path = BluetoothConnectionState.swift; sourceTree = "<group>"; };
		49C7692F25E45E7E004B8D3C /* Descriptor.swift */ = {isa = PBXFileReference; fileEncoding = 4; lastKnownFileType = sourcecode.swift; path = Descriptor.swift; sourceTree = "<group>"; };
		49C7693025E45E7E004B8D3C /* BluetoothScanningState.swift */ = {isa = PBXFileReference; fileEncoding = 4; lastKnownFileType = sourcecode.swift; path = BluetoothScanningState.swift; sourceTree = "<group>"; };
		49C7693225E45E7E004B8D3C /* BluetoothService.swift */ = {isa = PBXFileReference; fileEncoding = 4; lastKnownFileType = sourcecode.swift; path = BluetoothService.swift; sourceTree = "<group>"; };
		49C7693725E45E7E004B8D3C /* Preview Assets.xcassets */ = {isa = PBXFileReference; lastKnownFileType = folder.assetcatalog; path = "Preview Assets.xcassets"; sourceTree = "<group>"; };
/* End PBXFileReference section */

/* Begin PBXFrameworksBuildPhase section */
		49C7690125E45E0E004B8D3C /* Frameworks */ = {
			isa = PBXFrameworksBuildPhase;
			buildActionMask = 2147483647;
			files = (
				493EC04E25E82255009E1801 /* BlueFalcon.framework in Frameworks */,
			);
			runOnlyForDeploymentPostprocessing = 0;
		};
/* End PBXFrameworksBuildPhase section */

/* Begin PBXGroup section */
		49C768FB25E45E0E004B8D3C = {
			isa = PBXGroup;
			children = (
				49C7690625E45E0E004B8D3C /* MacOS-Example */,
				49C7690525E45E0E004B8D3C /* Products */,
				49C7695025E45ED4004B8D3C /* Frameworks */,
			);
			sourceTree = "<group>";
		};
		49C7690525E45E0E004B8D3C /* Products */ = {
			isa = PBXGroup;
			children = (
				49C7690425E45E0E004B8D3C /* MacOS-Example.app */,
			);
			name = Products;
			sourceTree = "<group>";
		};
		49C7690625E45E0E004B8D3C /* MacOS-Example */ = {
			isa = PBXGroup;
			children = (
				49C7691D25E45E7E004B8D3C /* Assets.xcassets */,
				49C7692D25E45E7E004B8D3C /* Models */,
				49C7693625E45E7E004B8D3C /* Preview Content */,
				49C7693125E45E7E004B8D3C /* Services */,
				49C7691C25E45E7E004B8D3C /* Strings.swift */,
				49C7692625E45E7E004B8D3C /* ViewModels */,
				49C7691E25E45E7E004B8D3C /* Views */,
				49C7690725E45E0E004B8D3C /* AppDelegate.swift */,
				49C7691025E45E0F004B8D3C /* Main.storyboard */,
				49C7691325E45E0F004B8D3C /* Info.plist */,
				49C7691425E45E0F004B8D3C /* MacOS_Example.entitlements */,
				49C7690D25E45E0F004B8D3C /* Preview Content */,
			);
			path = "MacOS-Example";
			sourceTree = "<group>";
		};
		49C7690D25E45E0F004B8D3C /* Preview Content */ = {
			isa = PBXGroup;
			children = (
				49C7690E25E45E0F004B8D3C /* Preview Assets.xcassets */,
			);
			path = "Preview Content";
			sourceTree = "<group>";
		};
		49C7691E25E45E7E004B8D3C /* Views */ = {
			isa = PBXGroup;
			children = (
				49C7691F25E45E7E004B8D3C /* DeviceCharacteristicCell.swift */,
				49C7692025E45E7E004B8D3C /* Cells */,
				49C7692225E45E7E004B8D3C /* ActivityIndicator.swift */,
				49C7692325E45E7E004B8D3C /* DeviceView.swift */,
				49C7692425E45E7E004B8D3C /* DevicesView.swift */,
				49C7692525E45E7E004B8D3C /* DeviceServiceView.swift */,
			);
			path = Views;
			sourceTree = "<group>";
		};
		49C7692025E45E7E004B8D3C /* Cells */ = {
			isa = PBXGroup;
			children = (
				49C7692125E45E7E004B8D3C /* DevicesViewCell.swift */,
			);
			path = Cells;
			sourceTree = "<group>";
		};
		49C7692625E45E7E004B8D3C /* ViewModels */ = {
			isa = PBXGroup;
			children = (
				49C7692725E45E7E004B8D3C /* DeviceServiceCellViewModel.swift */,
				49C7692825E45E7E004B8D3C /* DeviceCharacteristicCellViewModel.swift */,
				49C7692925E45E7E004B8D3C /* DeviceServiceViewModel.swift */,
				49C7692A25E45E7E004B8D3C /* DevicesViewModel.swift */,
				49C7692B25E45E7E004B8D3C /* DevicesCellViewModel.swift */,
				49C7692C25E45E7E004B8D3C /* DeviceViewModel.swift */,
			);
			path = ViewModels;
			sourceTree = "<group>";
		};
		49C7692D25E45E7E004B8D3C /* Models */ = {
			isa = PBXGroup;
			children = (
				49C7692E25E45E7E004B8D3C /* BluetoothConnectionState.swift */,
				49C7692F25E45E7E004B8D3C /* Descriptor.swift */,
				49C7693025E45E7E004B8D3C /* BluetoothScanningState.swift */,
			);
			path = Models;
			sourceTree = "<group>";
		};
		49C7693125E45E7E004B8D3C /* Services */ = {
			isa = PBXGroup;
			children = (
				49C7693225E45E7E004B8D3C /* BluetoothService.swift */,
			);
			path = Services;
			sourceTree = "<group>";
		};
		49C7693625E45E7E004B8D3C /* Preview Content */ = {
			isa = PBXGroup;
			children = (
				49C7693725E45E7E004B8D3C /* Preview Assets.xcassets */,
			);
			path = "Preview Content";
			sourceTree = "<group>";
		};
		49C7695025E45ED4004B8D3C /* Frameworks */ = {
			isa = PBXGroup;
			children = (
				493EC04D25E82255009E1801 /* BlueFalcon.framework */,
			);
			name = Frameworks;
			sourceTree = "<group>";
		};
/* End PBXGroup section */

/* Begin PBXNativeTarget section */
		49C7690325E45E0E004B8D3C /* MacOS-Example */ = {
			isa = PBXNativeTarget;
			buildConfigurationList = 49C7691725E45E0F004B8D3C /* Build configuration list for PBXNativeTarget "MacOS-Example" */;
			buildPhases = (
				49C7690025E45E0E004B8D3C /* Sources */,
				49C7690125E45E0E004B8D3C /* Frameworks */,
				49C7690225E45E0E004B8D3C /* Resources */,
				49EB976725E6E46F00B3BA62 /* Embed Frameworks */,
			);
			buildRules = (
			);
			dependencies = (
			);
			name = "MacOS-Example";
			productName = "MacOS-Example";
			productReference = 49C7690425E45E0E004B8D3C /* MacOS-Example.app */;
			productType = "com.apple.product-type.application";
		};
/* End PBXNativeTarget section */

/* Begin PBXProject section */
		49C768FC25E45E0E004B8D3C /* Project object */ = {
			isa = PBXProject;
			attributes = {
				LastSwiftUpdateCheck = 1240;
				LastUpgradeCheck = 1240;
				TargetAttributes = {
					49C7690325E45E0E004B8D3C = {
						CreatedOnToolsVersion = 12.4;
					};
				};
			};
			buildConfigurationList = 49C768FF25E45E0E004B8D3C /* Build configuration list for PBXProject "MacOS-Example" */;
			compatibilityVersion = "Xcode 9.3";
			developmentRegion = en;
			hasScannedForEncodings = 0;
			knownRegions = (
				en,
				Base,
			);
			mainGroup = 49C768FB25E45E0E004B8D3C;
			productRefGroup = 49C7690525E45E0E004B8D3C /* Products */;
			projectDirPath = "";
			projectRoot = "";
			targets = (
				49C7690325E45E0E004B8D3C /* MacOS-Example */,
			);
		};
/* End PBXProject section */

/* Begin PBXResourcesBuildPhase section */
		49C7690225E45E0E004B8D3C /* Resources */ = {
			isa = PBXResourcesBuildPhase;
			buildActionMask = 2147483647;
			files = (
				49C7691225E45E0F004B8D3C /* Main.storyboard in Resources */,
				49C7690F25E45E0F004B8D3C /* Preview Assets.xcassets in Resources */,
				49C7693925E45E7E004B8D3C /* Assets.xcassets in Resources */,
			);
			runOnlyForDeploymentPostprocessing = 0;
		};
/* End PBXResourcesBuildPhase section */

/* Begin PBXSourcesBuildPhase section */
		49C7690025E45E0E004B8D3C /* Sources */ = {
			isa = PBXSourcesBuildPhase;
			buildActionMask = 2147483647;
			files = (
				49C7693825E45E7E004B8D3C /* Strings.swift in Sources */,
				49C7693C25E45E7E004B8D3C /* ActivityIndicator.swift in Sources */,
				49C7693D25E45E7E004B8D3C /* DeviceView.swift in Sources */,
				49C7693A25E45E7E004B8D3C /* DeviceCharacteristicCell.swift in Sources */,
				49C7694325E45E7E004B8D3C /* DevicesViewModel.swift in Sources */,
				49C7693B25E45E7E004B8D3C /* DevicesViewCell.swift in Sources */,
				49C7694425E45E7E004B8D3C /* DevicesCellViewModel.swift in Sources */,
				49C7690825E45E0E004B8D3C /* AppDelegate.swift in Sources */,
				49C7694225E45E7E004B8D3C /* DeviceServiceViewModel.swift in Sources */,
				49C7694625E45E7E004B8D3C /* BluetoothConnectionState.swift in Sources */,
				49C7694725E45E7E004B8D3C /* Descriptor.swift in Sources */,
				49C7693F25E45E7E004B8D3C /* DeviceServiceView.swift in Sources */,
				49C7694025E45E7E004B8D3C /* DeviceServiceCellViewModel.swift in Sources */,
				49C7694825E45E7E004B8D3C /* BluetoothScanningState.swift in Sources */,
				49C7693E25E45E7E004B8D3C /* DevicesView.swift in Sources */,
				49C7694525E45E7E004B8D3C /* DeviceViewModel.swift in Sources */,
				49C7694925E45E7E004B8D3C /* BluetoothService.swift in Sources */,
				49C7694125E45E7E004B8D3C /* DeviceCharacteristicCellViewModel.swift in Sources */,
			);
			runOnlyForDeploymentPostprocessing = 0;
		};
/* End PBXSourcesBuildPhase section */

/* Begin PBXVariantGroup section */
		49C7691025E45E0F004B8D3C /* Main.storyboard */ = {
			isa = PBXVariantGroup;
			children = (
				49C7691125E45E0F004B8D3C /* Base */,
			);
			name = Main.storyboard;
			sourceTree = "<group>";
		};
/* End PBXVariantGroup section */

/* Begin XCBuildConfiguration section */
		49C7691525E45E0F004B8D3C /* Debug */ = {
			isa = XCBuildConfiguration;
			buildSettings = {
				ALWAYS_SEARCH_USER_PATHS = NO;
				CLANG_ANALYZER_NONNULL = YES;
				CLANG_ANALYZER_NUMBER_OBJECT_CONVERSION = YES_AGGRESSIVE;
				CLANG_CXX_LANGUAGE_STANDARD = "gnu++14";
				CLANG_CXX_LIBRARY = "libc++";
				CLANG_ENABLE_MODULES = YES;
				CLANG_ENABLE_OBJC_ARC = YES;
				CLANG_ENABLE_OBJC_WEAK = YES;
				CLANG_WARN_BLOCK_CAPTURE_AUTORELEASING = YES;
				CLANG_WARN_BOOL_CONVERSION = YES;
				CLANG_WARN_COMMA = YES;
				CLANG_WARN_CONSTANT_CONVERSION = YES;
				CLANG_WARN_DEPRECATED_OBJC_IMPLEMENTATIONS = YES;
				CLANG_WARN_DIRECT_OBJC_ISA_USAGE = YES_ERROR;
				CLANG_WARN_DOCUMENTATION_COMMENTS = YES;
				CLANG_WARN_EMPTY_BODY = YES;
				CLANG_WARN_ENUM_CONVERSION = YES;
				CLANG_WARN_INFINITE_RECURSION = YES;
				CLANG_WARN_INT_CONVERSION = YES;
				CLANG_WARN_NON_LITERAL_NULL_CONVERSION = YES;
				CLANG_WARN_OBJC_IMPLICIT_RETAIN_SELF = YES;
				CLANG_WARN_OBJC_LITERAL_CONVERSION = YES;
				CLANG_WARN_OBJC_ROOT_CLASS = YES_ERROR;
				CLANG_WARN_QUOTED_INCLUDE_IN_FRAMEWORK_HEADER = YES;
				CLANG_WARN_RANGE_LOOP_ANALYSIS = YES;
				CLANG_WARN_STRICT_PROTOTYPES = YES;
				CLANG_WARN_SUSPICIOUS_MOVE = YES;
				CLANG_WARN_UNGUARDED_AVAILABILITY = YES_AGGRESSIVE;
				CLANG_WARN_UNREACHABLE_CODE = YES;
				CLANG_WARN__DUPLICATE_METHOD_MATCH = YES;
				COPY_PHASE_STRIP = NO;
				DEBUG_INFORMATION_FORMAT = dwarf;
				ENABLE_STRICT_OBJC_MSGSEND = YES;
				ENABLE_TESTABILITY = YES;
				GCC_C_LANGUAGE_STANDARD = gnu11;
				GCC_DYNAMIC_NO_PIC = NO;
				GCC_NO_COMMON_BLOCKS = YES;
				GCC_OPTIMIZATION_LEVEL = 0;
				GCC_PREPROCESSOR_DEFINITIONS = (
					"DEBUG=1",
					"$(inherited)",
				);
				GCC_WARN_64_TO_32_BIT_CONVERSION = YES;
				GCC_WARN_ABOUT_RETURN_TYPE = YES_ERROR;
				GCC_WARN_UNDECLARED_SELECTOR = YES;
				GCC_WARN_UNINITIALIZED_AUTOS = YES_AGGRESSIVE;
				GCC_WARN_UNUSED_FUNCTION = YES;
				GCC_WARN_UNUSED_VARIABLE = YES;
				MACOSX_DEPLOYMENT_TARGET = 11.1;
				MTL_ENABLE_DEBUG_INFO = INCLUDE_SOURCE;
				MTL_FAST_MATH = YES;
				ONLY_ACTIVE_ARCH = YES;
				SDKROOT = macosx;
				SWIFT_ACTIVE_COMPILATION_CONDITIONS = DEBUG;
				SWIFT_OPTIMIZATION_LEVEL = "-Onone";
			};
			name = Debug;
		};
		49C7691625E45E0F004B8D3C /* Release */ = {
			isa = XCBuildConfiguration;
			buildSettings = {
				ALWAYS_SEARCH_USER_PATHS = NO;
				CLANG_ANALYZER_NONNULL = YES;
				CLANG_ANALYZER_NUMBER_OBJECT_CONVERSION = YES_AGGRESSIVE;
				CLANG_CXX_LANGUAGE_STANDARD = "gnu++14";
				CLANG_CXX_LIBRARY = "libc++";
				CLANG_ENABLE_MODULES = YES;
				CLANG_ENABLE_OBJC_ARC = YES;
				CLANG_ENABLE_OBJC_WEAK = YES;
				CLANG_WARN_BLOCK_CAPTURE_AUTORELEASING = YES;
				CLANG_WARN_BOOL_CONVERSION = YES;
				CLANG_WARN_COMMA = YES;
				CLANG_WARN_CONSTANT_CONVERSION = YES;
				CLANG_WARN_DEPRECATED_OBJC_IMPLEMENTATIONS = YES;
				CLANG_WARN_DIRECT_OBJC_ISA_USAGE = YES_ERROR;
				CLANG_WARN_DOCUMENTATION_COMMENTS = YES;
				CLANG_WARN_EMPTY_BODY = YES;
				CLANG_WARN_ENUM_CONVERSION = YES;
				CLANG_WARN_INFINITE_RECURSION = YES;
				CLANG_WARN_INT_CONVERSION = YES;
				CLANG_WARN_NON_LITERAL_NULL_CONVERSION = YES;
				CLANG_WARN_OBJC_IMPLICIT_RETAIN_SELF = YES;
				CLANG_WARN_OBJC_LITERAL_CONVERSION = YES;
				CLANG_WARN_OBJC_ROOT_CLASS = YES_ERROR;
				CLANG_WARN_QUOTED_INCLUDE_IN_FRAMEWORK_HEADER = YES;
				CLANG_WARN_RANGE_LOOP_ANALYSIS = YES;
				CLANG_WARN_STRICT_PROTOTYPES = YES;
				CLANG_WARN_SUSPICIOUS_MOVE = YES;
				CLANG_WARN_UNGUARDED_AVAILABILITY = YES_AGGRESSIVE;
				CLANG_WARN_UNREACHABLE_CODE = YES;
				CLANG_WARN__DUPLICATE_METHOD_MATCH = YES;
				COPY_PHASE_STRIP = NO;
				DEBUG_INFORMATION_FORMAT = "dwarf-with-dsym";
				ENABLE_NS_ASSERTIONS = NO;
				ENABLE_STRICT_OBJC_MSGSEND = YES;
				GCC_C_LANGUAGE_STANDARD = gnu11;
				GCC_NO_COMMON_BLOCKS = YES;
				GCC_WARN_64_TO_32_BIT_CONVERSION = YES;
				GCC_WARN_ABOUT_RETURN_TYPE = YES_ERROR;
				GCC_WARN_UNDECLARED_SELECTOR = YES;
				GCC_WARN_UNINITIALIZED_AUTOS = YES_AGGRESSIVE;
				GCC_WARN_UNUSED_FUNCTION = YES;
				GCC_WARN_UNUSED_VARIABLE = YES;
				MACOSX_DEPLOYMENT_TARGET = 11.1;
				MTL_ENABLE_DEBUG_INFO = NO;
				MTL_FAST_MATH = YES;
				SDKROOT = macosx;
				SWIFT_COMPILATION_MODE = wholemodule;
				SWIFT_OPTIMIZATION_LEVEL = "-O";
			};
			name = Release;
		};
		49C7691825E45E0F004B8D3C /* Debug */ = {
			isa = XCBuildConfiguration;
			buildSettings = {
				ASSETCATALOG_COMPILER_APPICON_NAME = AppIcon;
				ASSETCATALOG_COMPILER_GLOBAL_ACCENT_COLOR_NAME = AccentColor;
				CODE_SIGN_ENTITLEMENTS = "MacOS-Example/MacOS_Example.entitlements";
				CODE_SIGN_STYLE = Automatic;
				COMBINE_HIDPI_IMAGES = YES;
				DEVELOPMENT_ASSET_PATHS = "\"MacOS-Example/Preview Content\"";
				ENABLE_PREVIEWS = YES;
				FRAMEWORK_SEARCH_PATHS = (
					"$(SRCROOT)/../Library/build/bin/macosX64/releaseFramework/**",
					"../../Library/build/bin/macosX64/releaseFramework/**",
				);
				INFOPLIST_FILE = "MacOS-Example/Info.plist";
				LD_RUNPATH_SEARCH_PATHS = (
					"$(inherited)",
					"@executable_path/../Frameworks",
				);
				MACOSX_DEPLOYMENT_TARGET = 10.15;
				PRODUCT_BUNDLE_IDENTIFIER = "dev.bluefalcon.MacOS-Example";
				PRODUCT_NAME = "$(TARGET_NAME)";
				SWIFT_VERSION = 5.0;
			};
			name = Debug;
		};
		49C7691925E45E0F004B8D3C /* Release */ = {
			isa = XCBuildConfiguration;
			buildSettings = {
				ASSETCATALOG_COMPILER_APPICON_NAME = AppIcon;
				ASSETCATALOG_COMPILER_GLOBAL_ACCENT_COLOR_NAME = AccentColor;
				CODE_SIGN_ENTITLEMENTS = "MacOS-Example/MacOS_Example.entitlements";
				CODE_SIGN_STYLE = Automatic;
				COMBINE_HIDPI_IMAGES = YES;
				DEVELOPMENT_ASSET_PATHS = "\"MacOS-Example/Preview Content\"";
				ENABLE_PREVIEWS = YES;
				FRAMEWORK_SEARCH_PATHS = (
					"$(SRCROOT)/../Library/build/bin/macosX64/releaseFramework/**",
					"../../Library/build/bin/macosX64/releaseFramework/**",
				);
				INFOPLIST_FILE = "MacOS-Example/Info.plist";
				LD_RUNPATH_SEARCH_PATHS = (
					"$(inherited)",
					"@executable_path/../Frameworks",
				);
				MACOSX_DEPLOYMENT_TARGET = 10.15;
				PRODUCT_BUNDLE_IDENTIFIER = "dev.bluefalcon.MacOS-Example";
				PRODUCT_NAME = "$(TARGET_NAME)";
				SWIFT_VERSION = 5.0;
			};
			name = Release;
		};
/* End XCBuildConfiguration section */

/* Begin XCConfigurationList section */
		49C768FF25E45E0E004B8D3C /* Build configuration list for PBXProject "MacOS-Example" */ = {
			isa = XCConfigurationList;
			buildConfigurations = (
				49C7691525E45E0F004B8D3C /* Debug */,
				49C7691625E45E0F004B8D3C /* Release */,
			);
			defaultConfigurationIsVisible = 0;
			defaultConfigurationName = Release;
		};
		49C7691725E45E0F004B8D3C /* Build configuration list for PBXNativeTarget "MacOS-Example" */ = {
			isa = XCConfigurationList;
			buildConfigurations = (
				49C7691825E45E0F004B8D3C /* Debug */,
				49C7691925E45E0F004B8D3C /* Release */,
			);
			defaultConfigurationIsVisible = 0;
			defaultConfigurationName = Release;
		};
/* End XCConfigurationList section */
	};
	rootObject = 49C768FC25E45E0E004B8D3C /* Project object */;
}
