PODS:
  - library (0.0.1)

DEPENDENCIES:
  - library (from `/Users/andrewreed/Documents/workspace/multi-blue/library`)

EXTERNAL SOURCES:
  library:
    :path: "/Users/andrewreed/Documents/workspace/multi-blue/library"

SPEC CHECKSUMS:
  library: 9c20add3bc2a8ac37a872cf07b8fb02d741250f4

PODFILE CHECKSUM: 47bfad59873e32b4485e6c79910272b238b19a2a

COCOAPODS: 1.7.1
