// !$*UTF8*$!
{
	archiveVersion = 1;
	classes = {
	};
	objectVersion = 50;
	objects = {

/* Begin PBXBuildFile section */
		493702C42452366900CAE3CF /* AppDelegate.swift in Sources */ = {isa = PBXBuildFile; fileRef = 493702C32452366900CAE3CF /* AppDelegate.swift */; };
		49DEE382245239B00070FA09 /* Strings.swift in Sources */ = {isa = PBXBuildFile; fileRef = 49DEE37A245239AF0070FA09 /* Strings.swift */; };
		49DEE3C324523BAA0070FA09 /* BluetoothConnectionState.swift in Sources */ = {isa = PBXBuildFile; fileRef = 49DEE3A924523BAA0070FA09 /* BluetoothConnectionState.swift */; };
		49DEE3C424523BAA0070FA09 /* Descriptor.swift in Sources */ = {isa = PBXBuildFile; fileRef = 49DEE3AA24523BAA0070FA09 /* Descriptor.swift */; };
		49DEE3C524523BAA0070FA09 /* BluetoothScanningState.swift in Sources */ = {isa = PBXBuildFile; fileRef = 49DEE3AB24523BAA0070FA09 /* BluetoothScanningState.swift */; };
		49DEE3C624523BAA0070FA09 /* Assets.xcassets in Resources */ = {isa = PBXBuildFile; fileRef = 49DEE3AC24523BAA0070FA09 /* Assets.xcassets */; };
		49DEE3C824523BAA0070FA09 /* BluetoothService.swift in Sources */ = {isa = PBXBuildFile; fileRef = 49DEE3B024523BAA0070FA09 /* BluetoothService.swift */; };
		49DEE3C924523BAA0070FA09 /* DeviceCharacteristicCell.swift in Sources */ = {isa = PBXBuildFile; fileRef = 49DEE3B224523BAA0070FA09 /* DeviceCharacteristicCell.swift */; };
		49DEE3CA24523BAA0070FA09 /* DevicesViewCell.swift in Sources */ = {isa = PBXBuildFile; fileRef = 49DEE3B424523BAA0070FA09 /* DevicesViewCell.swift */; };
		49DEE3CB24523BAA0070FA09 /* ActivityIndicator.swift in Sources */ = {isa = PBXBuildFile; fileRef = 49DEE3B524523BAA0070FA09 /* ActivityIndicator.swift */; };
		49DEE3CC24523BAA0070FA09 /* DeviceView.swift in Sources */ = {isa = PBXBuildFile; fileRef = 49DEE3B624523BAA0070FA09 /* DeviceView.swift */; };
		49DEE3CD24523BAA0070FA09 /* DevicesView.swift in Sources */ = {isa = PBXBuildFile; fileRef = 49DEE3B724523BAA0070FA09 /* DevicesView.swift */; };
		49DEE3CE24523BAA0070FA09 /* DeviceServiceView.swift in Sources */ = {isa = PBXBuildFile; fileRef = 49DEE3B824523BAA0070FA09 /* DeviceServiceView.swift */; };
		49DEE3D024523BAA0070FA09 /* DeviceServiceCellViewModel.swift in Sources */ = {isa = PBXBuildFile; fileRef = 49DEE3BD24523BAA0070FA09 /* DeviceServiceCellViewModel.swift */; };
		49DEE3D124523BAA0070FA09 /* DeviceCharacteristicCellViewModel.swift in Sources */ = {isa = PBXBuildFile; fileRef = 49DEE3BE24523BAA0070FA09 /* DeviceCharacteristicCellViewModel.swift */; };
		49DEE3D224523BAA0070FA09 /* DeviceServiceViewModel.swift in Sources */ = {isa = PBXBuildFile; fileRef = 49DEE3BF24523BAA0070FA09 /* DeviceServiceViewModel.swift */; };
		49DEE3D324523BAA0070FA09 /* DevicesViewModel.swift in Sources */ = {isa = PBXBuildFile; fileRef = 49DEE3C024523BAA0070FA09 /* DevicesViewModel.swift */; };
		49DEE3D424523BAA0070FA09 /* DevicesCellViewModel.swift in Sources */ = {isa = PBXBuildFile; fileRef = 49DEE3C124523BAA0070FA09 /* DevicesCellViewModel.swift */; };
		49DEE3D524523BAA0070FA09 /* DeviceViewModel.swift in Sources */ = {isa = PBXBuildFile; fileRef = 49DEE3C224523BAA0070FA09 /* DeviceViewModel.swift */; };
		49DEE3DA245241440070FA09 /* Preview Assets.xcassets in Resources */ = {isa = PBXBuildFile; fileRef = 49DEE3D9245241440070FA09 /* Preview Assets.xcassets */; };
		49DEE3DD24535DF60070FA09 /* Main.storyboard in Resources */ = {isa = PBXBuildFile; fileRef = 49DEE3DB24535DF60070FA09 /* Main.storyboard */; };
/* End PBXBuildFile section */

/* Begin PBXFileReference section */
		48647C8E9CB6F44A7C3208D5 /* Pods-Blue-Falcon.debug.xcconfig */ = {isa = PBXFileReference; includeInIndex = 1; lastKnownFileType = text.xcconfig; name = "Pods-Blue-Falcon.debug.xcconfig"; path = "Target Support Files/Pods-Blue-Falcon/Pods-Blue-Falcon.debug.xcconfig"; sourceTree = "<group>"; };
		493702C02452366900CAE3CF /* Blue-Falcon.app */ = {isa = PBXFileReference; explicitFileType = wrapper.application; includeInIndex = 0; path = "Blue-Falcon.app"; sourceTree = BUILT_PRODUCTS_DIR; };
		493702C32452366900CAE3CF /* AppDelegate.swift */ = {isa = PBXFileReference; lastKnownFileType = sourcecode.swift; path = AppDelegate.swift; sourceTree = "<group>"; };
		493702CF2452366A00CAE3CF /* Info.plist */ = {isa = PBXFileReference; lastKnownFileType = text.plist.xml; path = Info.plist; sourceTree = "<group>"; };
		493702D02452366A00CAE3CF /* Blue_Falcon.entitlements */ = {isa = PBXFileReference; lastKnownFileType = text.plist.entitlements; path = Blue_Falcon.entitlements; sourceTree = "<group>"; };
		497C4A152465A7BA00E7E0AE /* Pods_Blue_Falcon.framework */ = {isa = PBXFileReference; explicitFileType = wrapper.framework; path = Pods_Blue_Falcon.framework; sourceTree = BUILT_PRODUCTS_DIR; };
		49C9F9722464C9E100D9B4A2 /* Pods_Blue_Falcon.framework */ = {isa = PBXFileReference; explicitFileType = wrapper.framework; path = Pods_Blue_Falcon.framework; sourceTree = BUILT_PRODUCTS_DIR; };
		49DEE37A245239AF0070FA09 /* Strings.swift */ = {isa = PBXFileReference; fileEncoding = 4; lastKnownFileType = sourcecode.swift; path = Strings.swift; sourceTree = "<group>"; };
		49DEE3A924523BAA0070FA09 /* BluetoothConnectionState.swift */ = {isa = PBXFileReference; fileEncoding = 4; lastKnownFileType = sourcecode.swift; path = BluetoothConnectionState.swift; sourceTree = "<group>"; };
		49DEE3AA24523BAA0070FA09 /* Descriptor.swift */ = {isa = PBXFileReference; fileEncoding = 4; lastKnownFileType = sourcecode.swift; path = Descriptor.swift; sourceTree = "<group>"; };
		49DEE3AB24523BAA0070FA09 /* BluetoothScanningState.swift */ = {isa = PBXFileReference; fileEncoding = 4; lastKnownFileType = sourcecode.swift; path = BluetoothScanningState.swift; sourceTree = "<group>"; };
		49DEE3AC24523BAA0070FA09 /* Assets.xcassets */ = {isa = PBXFileReference; lastKnownFileType = folder.assetcatalog; path = Assets.xcassets; sourceTree = "<group>"; };
		49DEE3B024523BAA0070FA09 /* BluetoothService.swift */ = {isa = PBXFileReference; fileEncoding = 4; lastKnownFileType = sourcecode.swift; path = BluetoothService.swift; sourceTree = "<group>"; };
		49DEE3B224523BAA0070FA09 /* DeviceCharacteristicCell.swift */ = {isa = PBXFileReference; fileEncoding = 4; lastKnownFileType = sourcecode.swift; path = DeviceCharacteristicCell.swift; sourceTree = "<group>"; };
		49DEE3B424523BAA0070FA09 /* DevicesViewCell.swift */ = {isa = PBXFileReference; fileEncoding = 4; lastKnownFileType = sourcecode.swift; path = DevicesViewCell.swift; sourceTree = "<group>"; };
		49DEE3B524523BAA0070FA09 /* ActivityIndicator.swift */ = {isa = PBXFileReference; fileEncoding = 4; lastKnownFileType = sourcecode.swift; path = ActivityIndicator.swift; sourceTree = "<group>"; };
		49DEE3B624523BAA0070FA09 /* DeviceView.swift */ = {isa = PBXFileReference; fileEncoding = 4; lastKnownFileType = sourcecode.swift; path = DeviceView.swift; sourceTree = "<group>"; };
		49DEE3B724523BAA0070FA09 /* DevicesView.swift */ = {isa = PBXFileReference; fileEncoding = 4; lastKnownFileType = sourcecode.swift; path = DevicesView.swift; sourceTree = "<group>"; };
		49DEE3B824523BAA0070FA09 /* DeviceServiceView.swift */ = {isa = PBXFileReference; fileEncoding = 4; lastKnownFileType = sourcecode.swift; path = DeviceServiceView.swift; sourceTree = "<group>"; };
		49DEE3BD24523BAA0070FA09 /* DeviceServiceCellViewModel.swift */ = {isa = PBXFileReference; fileEncoding = 4; lastKnownFileType = sourcecode.swift; path = DeviceServiceCellViewModel.swift; sourceTree = "<group>"; };
		49DEE3BE24523BAA0070FA09 /* DeviceCharacteristicCellViewModel.swift */ = {isa = PBXFileReference; fileEncoding = 4; lastKnownFileType = sourcecode.swift; path = DeviceCharacteristicCellViewModel.swift; sourceTree = "<group>"; };
		49DEE3BF24523BAA0070FA09 /* DeviceServiceViewModel.swift */ = {isa = PBXFileReference; fileEncoding = 4; lastKnownFileType = sourcecode.swift; path = DeviceServiceViewModel.swift; sourceTree = "<group>"; };
		49DEE3C024523BAA0070FA09 /* DevicesViewModel.swift */ = {isa = PBXFileReference; fileEncoding = 4; lastKnownFileType = sourcecode.swift; path = DevicesViewModel.swift; sourceTree = "<group>"; };
		49DEE3C124523BAA0070FA09 /* DevicesCellViewModel.swift */ = {isa = PBXFileReference; fileEncoding = 4; lastKnownFileType = sourcecode.swift; path = DevicesCellViewModel.swift; sourceTree = "<group>"; };
		49DEE3C224523BAA0070FA09 /* DeviceViewModel.swift */ = {isa = PBXFileReference; fileEncoding = 4; lastKnownFileType = sourcecode.swift; path = DeviceViewModel.swift; sourceTree = "<group>"; };
		49DEE3D9245241440070FA09 /* Preview Assets.xcassets */ = {isa = PBXFileReference; lastKnownFileType = folder.assetcatalog; path = "Preview Assets.xcassets"; sourceTree = "<group>"; };
		49DEE3DC24535DF60070FA09 /* Base */ = {isa = PBXFileReference; lastKnownFileType = file.storyboard; name = Base; path = Base.lproj/Main.storyboard; sourceTree = "<group>"; };
		EE00871EDF110355EF35AAE6 /* Pods-Blue-Falcon.release.xcconfig */ = {isa = PBXFileReference; includeInIndex = 1; lastKnownFileType = text.xcconfig; name = "Pods-Blue-Falcon.release.xcconfig"; path = "Target Support Files/Pods-Blue-Falcon/Pods-Blue-Falcon.release.xcconfig"; sourceTree = "<group>"; };
/* End PBXFileReference section */

/* Begin PBXFrameworksBuildPhase section */
		493702BD2452366900CAE3CF /* Frameworks */ = {
			isa = PBXFrameworksBuildPhase;
			buildActionMask = 2147483647;
			files = (
			);
			runOnlyForDeploymentPostprocessing = 0;
		};
/* End PBXFrameworksBuildPhase section */

/* Begin PBXGroup section */
		02718DCDF7E44F3FEE1214C1 /* Pods */ = {
			isa = PBXGroup;
			children = (
				48647C8E9CB6F44A7C3208D5 /* Pods-Blue-Falcon.debug.xcconfig */,
				EE00871EDF110355EF35AAE6 /* Pods-Blue-Falcon.release.xcconfig */,
			);
			path = Pods;
			sourceTree = "<group>";
		};
		382A400FB3F941F4A7D908A2 /* Frameworks */ = {
			isa = PBXGroup;
			children = (
				497C4A152465A7BA00E7E0AE /* Pods_Blue_Falcon.framework */,
			);
			name = Frameworks;
			sourceTree = "<group>";
		};
		493702B72452366900CAE3CF = {
			isa = PBXGroup;
			children = (
				493702C22452366900CAE3CF /* Blue-Falcon */,
				493702C12452366900CAE3CF /* Products */,
				02718DCDF7E44F3FEE1214C1 /* Pods */,
				382A400FB3F941F4A7D908A2 /* Frameworks */,
				49C9F97824654F3700D9B4A2 /* Recovered References */,
			);
			sourceTree = "<group>";
		};
		493702C12452366900CAE3CF /* Products */ = {
			isa = PBXGroup;
			children = (
				493702C02452366900CAE3CF /* Blue-Falcon.app */,
			);
			name = Products;
			sourceTree = "<group>";
		};
		493702C22452366900CAE3CF /* Blue-Falcon */ = {
			isa = PBXGroup;
			children = (
				49DEE3D8245241440070FA09 /* Preview Content */,
				49DEE3AC24523BAA0070FA09 /* Assets.xcassets */,
				49DEE3AD24523BAA0070FA09 /* Controllers */,
				49DEE3A824523BAA0070FA09 /* Models */,
				49DEE3AF24523BAA0070FA09 /* Services */,
				49DEE3BC24523BAA0070FA09 /* ViewModels */,
				49DEE3B124523BAA0070FA09 /* Views */,
				49DEE37A245239AF0070FA09 /* Strings.swift */,
				493702C32452366900CAE3CF /* AppDelegate.swift */,
				49DEE3DB24535DF60070FA09 /* Main.storyboard */,
				493702CF2452366A00CAE3CF /* Info.plist */,
				493702D02452366A00CAE3CF /* Blue_Falcon.entitlements */,
			);
			path = "Blue-Falcon";
			sourceTree = "<group>";
		};
		49C9F97824654F3700D9B4A2 /* Recovered References */ = {
			isa = PBXGroup;
			children = (
				49C9F9722464C9E100D9B4A2 /* Pods_Blue_Falcon.framework */,
			);
			name = "Recovered References";
			sourceTree = "<group>";
		};
		49DEE3A824523BAA0070FA09 /* Models */ = {
			isa = PBXGroup;
			children = (
				49DEE3A924523BAA0070FA09 /* BluetoothConnectionState.swift */,
				49DEE3AA24523BAA0070FA09 /* Descriptor.swift */,
				49DEE3AB24523BAA0070FA09 /* BluetoothScanningState.swift */,
			);
			path = Models;
			sourceTree = "<group>";
		};
		49DEE3AD24523BAA0070FA09 /* Controllers */ = {
			isa = PBXGroup;
			children = (
			);
			path = Controllers;
			sourceTree = "<group>";
		};
		49DEE3AF24523BAA0070FA09 /* Services */ = {
			isa = PBXGroup;
			children = (
				49DEE3B024523BAA0070FA09 /* BluetoothService.swift */,
			);
			path = Services;
			sourceTree = "<group>";
		};
		49DEE3B124523BAA0070FA09 /* Views */ = {
			isa = PBXGroup;
			children = (
				49DEE3B224523BAA0070FA09 /* DeviceCharacteristicCell.swift */,
				49DEE3B324523BAA0070FA09 /* Cells */,
				49DEE3B524523BAA0070FA09 /* ActivityIndicator.swift */,
				49DEE3B624523BAA0070FA09 /* DeviceView.swift */,
				49DEE3B724523BAA0070FA09 /* DevicesView.swift */,
				49DEE3B824523BAA0070FA09 /* DeviceServiceView.swift */,
			);
			path = Views;
			sourceTree = "<group>";
		};
		49DEE3B324523BAA0070FA09 /* Cells */ = {
			isa = PBXGroup;
			children = (
				49DEE3B424523BAA0070FA09 /* DevicesViewCell.swift */,
			);
			path = Cells;
			sourceTree = "<group>";
		};
		49DEE3BC24523BAA0070FA09 /* ViewModels */ = {
			isa = PBXGroup;
			children = (
				49DEE3BD24523BAA0070FA09 /* DeviceServiceCellViewModel.swift */,
				49DEE3BE24523BAA0070FA09 /* DeviceCharacteristicCellViewModel.swift */,
				49DEE3BF24523BAA0070FA09 /* DeviceServiceViewModel.swift */,
				49DEE3C024523BAA0070FA09 /* DevicesViewModel.swift */,
				49DEE3C124523BAA0070FA09 /* DevicesCellViewModel.swift */,
				49DEE3C224523BAA0070FA09 /* DeviceViewModel.swift */,
			);
			path = ViewModels;
			sourceTree = "<group>";
		};
		49DEE3D8245241440070FA09 /* Preview Content */ = {
			isa = PBXGroup;
			children = (
				49DEE3D9245241440070FA09 /* Preview Assets.xcassets */,
			);
			path = "Preview Content";
			sourceTree = "<group>";
		};
/* End PBXGroup section */

/* Begin PBXNativeTarget section */
		493702BF2452366900CAE3CF /* Blue-Falcon */ = {
			isa = PBXNativeTarget;
			buildConfigurationList = 493702D32452366A00CAE3CF /* Build configuration list for PBXNativeTarget "Blue-Falcon" */;
			buildPhases = (
				6938266890308D78F1793FBF /* [CP] Check Pods Manifest.lock */,
				493702BC2452366900CAE3CF /* Sources */,
				493702BD2452366900CAE3CF /* Frameworks */,
				493702BE2452366900CAE3CF /* Resources */,
			);
			buildRules = (
			);
			dependencies = (
			);
			name = "Blue-Falcon";
			productName = "Blue-Falcon";
			productReference = 493702C02452366900CAE3CF /* Blue-Falcon.app */;
			productType = "com.apple.product-type.application";
		};
/* End PBXNativeTarget section */

/* Begin PBXProject section */
		493702B82452366900CAE3CF /* Project object */ = {
			isa = PBXProject;
			attributes = {
				LastSwiftUpdateCheck = 1140;
				LastUpgradeCheck = 1140;
				ORGANIZATIONNAME = "Blue-Falcon";
				TargetAttributes = {
					493702BF2452366900CAE3CF = {
						CreatedOnToolsVersion = 11.4.1;
					};
				};
			};
			buildConfigurationList = 493702BB2452366900CAE3CF /* Build configuration list for PBXProject "Blue-Falcon" */;
			compatibilityVersion = "Xcode 9.3";
			developmentRegion = en;
			hasScannedForEncodings = 0;
			knownRegions = (
				en,
				Base,
			);
			mainGroup = 493702B72452366900CAE3CF;
			productRefGroup = 493702C12452366900CAE3CF /* Products */;
			projectDirPath = "";
			projectRoot = "";
			targets = (
				493702BF2452366900CAE3CF /* Blue-Falcon */,
			);
		};
/* End PBXProject section */

/* Begin PBXResourcesBuildPhase section */
		493702BE2452366900CAE3CF /* Resources */ = {
			isa = PBXResourcesBuildPhase;
			buildActionMask = 2147483647;
			files = (
				49DEE3DD24535DF60070FA09 /* Main.storyboard in Resources */,
				49DEE3DA245241440070FA09 /* Preview Assets.xcassets in Resources */,
				49DEE3C624523BAA0070FA09 /* Assets.xcassets in Resources */,
			);
			runOnlyForDeploymentPostprocessing = 0;
		};
/* End PBXResourcesBuildPhase section */

/* Begin PBXShellScriptBuildPhase section */
		6938266890308D78F1793FBF /* [CP] Check Pods Manifest.lock */ = {
			isa = PBXShellScriptBuildPhase;
			buildActionMask = 2147483647;
			files = (
			);
			inputFileListPaths = (
			);
			inputPaths = (
				"${PODS_PODFILE_DIR_PATH}/Podfile.lock",
				"${PODS_ROOT}/Manifest.lock",
			);
			name = "[CP] Check Pods Manifest.lock";
			outputFileListPaths = (
			);
			outputPaths = (
				"$(DERIVED_FILE_DIR)/Pods-Blue-Falcon-checkManifestLockResult.txt",
			);
			runOnlyForDeploymentPostprocessing = 0;
			shellPath = /bin/sh;
			shellScript = "diff \"${PODS_PODFILE_DIR_PATH}/Podfile.lock\" \"${PODS_ROOT}/Manifest.lock\" > /dev/null\nif [ $? != 0 ] ; then\n    # print error to STDERR\n    echo \"error: The sandbox is not in sync with the Podfile.lock. Run 'pod install' or update your CocoaPods installation.\" >&2\n    exit 1\nfi\n# This output is used by Xcode 'outputs' to avoid re-running this script phase.\necho \"SUCCESS\" > \"${SCRIPT_OUTPUT_FILE_0}\"\n";
			showEnvVarsInLog = 0;
		};
/* End PBXShellScriptBuildPhase section */

/* Begin PBXSourcesBuildPhase section */
		493702BC2452366900CAE3CF /* Sources */ = {
			isa = PBXSourcesBuildPhase;
			buildActionMask = 2147483647;
			files = (
				49DEE3D024523BAA0070FA09 /* DeviceServiceCellViewModel.swift in Sources */,
				49DEE3D324523BAA0070FA09 /* DevicesViewModel.swift in Sources */,
				49DEE3C324523BAA0070FA09 /* BluetoothConnectionState.swift in Sources */,
				49DEE3C924523BAA0070FA09 /* DeviceCharacteristicCell.swift in Sources */,
				49DEE3D224523BAA0070FA09 /* DeviceServiceViewModel.swift in Sources */,
				49DEE3CA24523BAA0070FA09 /* DevicesViewCell.swift in Sources */,
				49DEE3C824523BAA0070FA09 /* BluetoothService.swift in Sources */,
				49DEE3D424523BAA0070FA09 /* DevicesCellViewModel.swift in Sources */,
				49DEE382245239B00070FA09 /* Strings.swift in Sources */,
				49DEE3CD24523BAA0070FA09 /* DevicesView.swift in Sources */,
				49DEE3D524523BAA0070FA09 /* DeviceViewModel.swift in Sources */,
				49DEE3CC24523BAA0070FA09 /* DeviceView.swift in Sources */,
				49DEE3CB24523BAA0070FA09 /* ActivityIndicator.swift in Sources */,
				49DEE3C424523BAA0070FA09 /* Descriptor.swift in Sources */,
				49DEE3CE24523BAA0070FA09 /* DeviceServiceView.swift in Sources */,
				493702C42452366900CAE3CF /* AppDelegate.swift in Sources */,
				49DEE3C524523BAA0070FA09 /* BluetoothScanningState.swift in Sources */,
				49DEE3D124523BAA0070FA09 /* DeviceCharacteristicCellViewModel.swift in Sources */,
			);
			runOnlyForDeploymentPostprocessing = 0;
		};
/* End PBXSourcesBuildPhase section */

/* Begin PBXVariantGroup section */
		49DEE3DB24535DF60070FA09 /* Main.storyboard */ = {
			isa = PBXVariantGroup;
			children = (
				49DEE3DC24535DF60070FA09 /* Base */,
			);
			name = Main.storyboard;
			sourceTree = "<group>";
		};
/* End PBXVariantGroup section */

/* Begin XCBuildConfiguration section */
		493702D12452366A00CAE3CF /* Debug */ = {
			isa = XCBuildConfiguration;
			buildSettings = {
				ALWAYS_SEARCH_USER_PATHS = NO;
				CLANG_ANALYZER_NONNULL = YES;
				CLANG_ANALYZER_NUMBER_OBJECT_CONVERSION = YES_AGGRESSIVE;
				CLANG_CXX_LANGUAGE_STANDARD = "gnu++14";
				CLANG_CXX_LIBRARY = "libc++";
				CLANG_ENABLE_MODULES = YES;
				CLANG_ENABLE_OBJC_ARC = YES;
				CLANG_ENABLE_OBJC_WEAK = YES;
				CLANG_WARN_BLOCK_CAPTURE_AUTORELEASING = YES;
				CLANG_WARN_BOOL_CONVERSION = YES;
				CLANG_WARN_COMMA = YES;
				CLANG_WARN_CONSTANT_CONVERSION = YES;
				CLANG_WARN_DEPRECATED_OBJC_IMPLEMENTATIONS = YES;
				CLANG_WARN_DIRECT_OBJC_ISA_USAGE = YES_ERROR;
				CLANG_WARN_DOCUMENTATION_COMMENTS = YES;
				CLANG_WARN_EMPTY_BODY = YES;
				CLANG_WARN_ENUM_CONVERSION = YES;
				CLANG_WARN_INFINITE_RECURSION = YES;
				CLANG_WARN_INT_CONVERSION = YES;
				CLANG_WARN_NON_LITERAL_NULL_CONVERSION = YES;
				CLANG_WARN_OBJC_IMPLICIT_RETAIN_SELF = YES;
				CLANG_WARN_OBJC_LITERAL_CONVERSION = YES;
				CLANG_WARN_OBJC_ROOT_CLASS = YES_ERROR;
				CLANG_WARN_RANGE_LOOP_ANALYSIS = YES;
				CLANG_WARN_STRICT_PROTOTYPES = YES;
				CLANG_WARN_SUSPICIOUS_MOVE = YES;
				CLANG_WARN_UNGUARDED_AVAILABILITY = YES_AGGRESSIVE;
				CLANG_WARN_UNREACHABLE_CODE = YES;
				CLANG_WARN__DUPLICATE_METHOD_MATCH = YES;
				COPY_PHASE_STRIP = NO;
				DEBUG_INFORMATION_FORMAT = dwarf;
				ENABLE_STRICT_OBJC_MSGSEND = YES;
				ENABLE_TESTABILITY = YES;
				GCC_C_LANGUAGE_STANDARD = gnu11;
				GCC_DYNAMIC_NO_PIC = NO;
				GCC_NO_COMMON_BLOCKS = YES;
				GCC_OPTIMIZATION_LEVEL = 0;
				GCC_PREPROCESSOR_DEFINITIONS = (
					"DEBUG=1",
					"$(inherited)",
				);
				GCC_WARN_64_TO_32_BIT_CONVERSION = YES;
				GCC_WARN_ABOUT_RETURN_TYPE = YES_ERROR;
				GCC_WARN_UNDECLARED_SELECTOR = YES;
				GCC_WARN_UNINITIALIZED_AUTOS = YES_AGGRESSIVE;
				GCC_WARN_UNUSED_FUNCTION = YES;
				GCC_WARN_UNUSED_VARIABLE = YES;
				MACOSX_DEPLOYMENT_TARGET = 10.15;
				MTL_ENABLE_DEBUG_INFO = INCLUDE_SOURCE;
				MTL_FAST_MATH = YES;
				ONLY_ACTIVE_ARCH = YES;
				SDKROOT = macosx;
				SWIFT_ACTIVE_COMPILATION_CONDITIONS = DEBUG;
				SWIFT_OPTIMIZATION_LEVEL = "-Onone";
			};
			name = Debug;
		};
		493702D22452366A00CAE3CF /* Release */ = {
			isa = XCBuildConfiguration;
			buildSettings = {
				ALWAYS_SEARCH_USER_PATHS = NO;
				CLANG_ANALYZER_NONNULL = YES;
				CLANG_ANALYZER_NUMBER_OBJECT_CONVERSION = YES_AGGRESSIVE;
				CLANG_CXX_LANGUAGE_STANDARD = "gnu++14";
				CLANG_CXX_LIBRARY = "libc++";
				CLANG_ENABLE_MODULES = YES;
				CLANG_ENABLE_OBJC_ARC = YES;
				CLANG_ENABLE_OBJC_WEAK = YES;
				CLANG_WARN_BLOCK_CAPTURE_AUTORELEASING = YES;
				CLANG_WARN_BOOL_CONVERSION = YES;
				CLANG_WARN_COMMA = YES;
				CLANG_WARN_CONSTANT_CONVERSION = YES;
				CLANG_WARN_DEPRECATED_OBJC_IMPLEMENTATIONS = YES;
				CLANG_WARN_DIRECT_OBJC_ISA_USAGE = YES_ERROR;
				CLANG_WARN_DOCUMENTATION_COMMENTS = YES;
				CLANG_WARN_EMPTY_BODY = YES;
				CLANG_WARN_ENUM_CONVERSION = YES;
				CLANG_WARN_INFINITE_RECURSION = YES;
				CLANG_WARN_INT_CONVERSION = YES;
				CLANG_WARN_NON_LITERAL_NULL_CONVERSION = YES;
				CLANG_WARN_OBJC_IMPLICIT_RETAIN_SELF = YES;
				CLANG_WARN_OBJC_LITERAL_CONVERSION = YES;
				CLANG_WARN_OBJC_ROOT_CLASS = YES_ERROR;
				CLANG_WARN_RANGE_LOOP_ANALYSIS = YES;
				CLANG_WARN_STRICT_PROTOTYPES = YES;
				CLANG_WARN_SUSPICIOUS_MOVE = YES;
				CLANG_WARN_UNGUARDED_AVAILABILITY = YES_AGGRESSIVE;
				CLANG_WARN_UNREACHABLE_CODE = YES;
				CLANG_WARN__DUPLICATE_METHOD_MATCH = YES;
				COPY_PHASE_STRIP = NO;
				DEBUG_INFORMATION_FORMAT = "dwarf-with-dsym";
				ENABLE_NS_ASSERTIONS = NO;
				ENABLE_STRICT_OBJC_MSGSEND = YES;
				GCC_C_LANGUAGE_STANDARD = gnu11;
				GCC_NO_COMMON_BLOCKS = YES;
				GCC_WARN_64_TO_32_BIT_CONVERSION = YES;
				GCC_WARN_ABOUT_RETURN_TYPE = YES_ERROR;
				GCC_WARN_UNDECLARED_SELECTOR = YES;
				GCC_WARN_UNINITIALIZED_AUTOS = YES_AGGRESSIVE;
				GCC_WARN_UNUSED_FUNCTION = YES;
				GCC_WARN_UNUSED_VARIABLE = YES;
				MACOSX_DEPLOYMENT_TARGET = 10.15;
				MTL_ENABLE_DEBUG_INFO = NO;
				MTL_FAST_MATH = YES;
				SDKROOT = macosx;
				SWIFT_COMPILATION_MODE = wholemodule;
				SWIFT_OPTIMIZATION_LEVEL = "-O";
			};
			name = Release;
		};
		493702D42452366A00CAE3CF /* Debug */ = {
			isa = XCBuildConfiguration;
			baseConfigurationReference = 48647C8E9CB6F44A7C3208D5 /* Pods-Blue-Falcon.debug.xcconfig */;
			buildSettings = {
				ASSETCATALOG_COMPILER_APPICON_NAME = AppIcon;
				CODE_SIGN_ENTITLEMENTS = "Blue-Falcon/Blue_Falcon.entitlements";
				CODE_SIGN_STYLE = Automatic;
				COMBINE_HIDPI_IMAGES = YES;
				DEVELOPMENT_ASSET_PATHS = "Blue-Falcon/Preview\\ Content";
				DEVELOPMENT_TEAM = 269C5Q4423;
				ENABLE_HARDENED_RUNTIME = YES;
				ENABLE_PREVIEWS = NO;
				FRAMEWORK_SEARCH_PATHS = (
					"$(inherited)",
					"$(PROJECT_DIR)",
				);
				INFOPLIST_FILE = "Blue-Falcon/Info.plist";
				LD_RUNPATH_SEARCH_PATHS = (
					"$(inherited)",
					"@executable_path/Frameworks",
				);
				MACOSX_DEPLOYMENT_TARGET = 10.15;
				PRODUCT_BUNDLE_IDENTIFIER = "dev.bluefalcon.Blue-Falcon";
				PRODUCT_NAME = "$(TARGET_NAME)";
				SWIFT_VERSION = 5.0;
			};
			name = Debug;
		};
		493702D52452366A00CAE3CF /* Release */ = {
			isa = XCBuildConfiguration;
			baseConfigurationReference = EE00871EDF110355EF35AAE6 /* Pods-Blue-Falcon.release.xcconfig */;
			buildSettings = {
				ASSETCATALOG_COMPILER_APPICON_NAME = AppIcon;
				CODE_SIGN_ENTITLEMENTS = "Blue-Falcon/Blue_Falcon.entitlements";
				CODE_SIGN_STYLE = Automatic;
				COMBINE_HIDPI_IMAGES = YES;
				DEVELOPMENT_ASSET_PATHS = "Blue-Falcon/Preview\\ Content";
				DEVELOPMENT_TEAM = 269C5Q4423;
				ENABLE_HARDENED_RUNTIME = YES;
				ENABLE_PREVIEWS = NO;
				FRAMEWORK_SEARCH_PATHS = (
					"$(inherited)",
					"$(PROJECT_DIR)",
				);
				INFOPLIST_FILE = "Blue-Falcon/Info.plist";
				LD_RUNPATH_SEARCH_PATHS = (
					"$(inherited)",
					"@executable_path/Frameworks",
				);
				MACOSX_DEPLOYMENT_TARGET = 10.15;
				PRODUCT_BUNDLE_IDENTIFIER = "dev.bluefalcon.Blue-Falcon";
				PRODUCT_NAME = "$(TARGET_NAME)";
				SWIFT_VERSION = 5.0;
			};
			name = Release;
		};
/* End XCBuildConfiguration section */

/* Begin XCConfigurationList section */
		493702BB2452366900CAE3CF /* Build configuration list for PBXProject "Blue-Falcon" */ = {
			isa = XCConfigurationList;
			buildConfigurations = (
				493702D12452366A00CAE3CF /* Debug */,
				493702D22452366A00CAE3CF /* Release */,
			);
			defaultConfigurationIsVisible = 0;
			defaultConfigurationName = Release;
		};
		493702D32452366A00CAE3CF /* Build configuration list for PBXNativeTarget "Blue-Falcon" */ = {
			isa = XCConfigurationList;
			buildConfigurations = (
				493702D42452366A00CAE3CF /* Debug */,
				493702D52452366A00CAE3CF /* Release */,
			);
			defaultConfigurationIsVisible = 0;
			defaultConfigurationName = Release;
		};
/* End XCConfigurationList section */
	};
	rootObject = 493702B82452366900CAE3CF /* Project object */;
}
